{
  "version": 4,
  "terraform_version": "1.4.6",
  "serial": 332,
  "lineage": "1135ac3c-073f-6887-9fc0-a964fcde4bb9",
  "outputs": {},
  "resources": [
    {
      "mode": "data",
      "type": "aws_eks_cluster_auth",
      "name": "cluster",
      "provider": "provider[\"registry.terraform.io/hashicorp/aws\"]",
      "instances": [
        {
          "schema_version": 0,
          "attributes": {
            "id": "confluent-cluster",
            "name": "confluent-cluster",
            "token": "k8s-aws-v1.aHR0cHM6Ly9zdHMuYW1hem9uYXdzLmNvbS8_QWN0aW9uPUdldENhbGxlcklkZW50aXR5JlZlcnNpb249MjAxMS0wNi0xNSZYLUFtei1BbGdvcml0aG09QVdTNC1ITUFDLVNIQTI1NiZYLUFtei1DcmVkZW50aWFsPUFLSUE2UTdCU1BTWEhUVktGR0Y2JTJGMjAyMzA3MDglMkZ1cy1lYXN0LTElMkZzdHMlMkZhd3M0X3JlcXVlc3QmWC1BbXotRGF0ZT0yMDIzMDcwOFQxMTU0MzhaJlgtQW16LUV4cGlyZXM9MCZYLUFtei1TaWduZWRIZWFkZXJzPWhvc3QlM0J4LWs4cy1hd3MtaWQmWC1BbXotU2lnbmF0dXJlPTUxNGMzMDI2YjViMjY1MDliM2JmZDI5ODAxNjA1ZmNhZDk3OTZkNDFjMDE0NDVmYzQ0ZDYxOTliZWRjMDgzOGM"
          },
          "sensitive_attributes": []
        }
      ]
    },
    {
      "module": "module.bitbucket",
      "mode": "data",
      "type": "aws_db_instance",
      "name": "database",
      "provider": "provider[\"registry.terraform.io/hashicorp/aws\"]",
      "instances": [
        {
          "schema_version": 0,
          "attributes": {
            "address": "bitbucket-rds-confluent-cluster.cmlkd6hzxk08.ap-south-1.rds.amazonaws.com",
            "allocated_storage": 10,
            "auto_minor_version_upgrade": true,
            "availability_zone": "ap-south-1c",
            "backup_retention_period": 0,
            "ca_cert_identifier": "rds-ca-2019",
            "db_cluster_identifier": "",
            "db_instance_arn": "arn:aws:rds:ap-south-1:998516096174:db:bitbucket-rds-confluent-cluster",
            "db_instance_class": "db.t3.micro",
            "db_instance_identifier": "bitbucket-rds-confluent-cluster",
            "db_instance_port": 0,
            "db_name": "bitbucket",
            "db_parameter_groups": [
              "default.postgres14"
            ],
            "db_subnet_group": "rds-subnet-group-confluent-cluster",
            "enabled_cloudwatch_logs_exports": [],
            "endpoint": "bitbucket-rds-confluent-cluster.cmlkd6hzxk08.ap-south-1.rds.amazonaws.com:5432",
            "engine": "postgres",
            "engine_version": "14.7",
            "hosted_zone_id": "Z2VFMSZA74J7XZ",
            "id": "bitbucket-rds-confluent-cluster",
            "iops": 0,
            "kms_key_id": "",
            "license_model": "postgresql-license",
            "master_user_secret": null,
            "master_username": "foo",
            "monitoring_interval": 0,
            "monitoring_role_arn": "",
            "multi_az": false,
            "network_type": "IPV4",
            "option_group_memberships": [
              "default:postgres-14"
            ],
            "port": 5432,
            "preferred_backup_window": "20:51-21:21",
            "preferred_maintenance_window": "thu:10:08-thu:10:38",
            "publicly_accessible": false,
            "replicate_source_db": "",
            "resource_id": "db-3GAQJOZSWDJKPPTQDNT7QAA7JA",
            "storage_encrypted": false,
            "storage_throughput": 0,
            "storage_type": "gp2",
            "tags": {
              "cluster_name": "confluent-cluster",
              "terraform_workspace": "apsouth1"
            },
            "timezone": "",
            "vpc_security_groups": [
              "sg-0dab1bdc59f851e35"
            ]
          },
          "sensitive_attributes": []
        }
      ]
    },
    {
      "module": "module.bitbucket",
      "mode": "data",
      "type": "aws_instance",
      "name": "nfs_server",
      "provider": "provider[\"registry.terraform.io/hashicorp/aws\"]",
      "instances": [
        {
          "schema_version": 0,
          "attributes": {
            "ami": "ami-04e81c5c7a4851ebf",
            "arn": "arn:aws:ec2:ap-south-1:998516096174:instance/i-0b318f369193a2043",
            "associate_public_ip_address": true,
            "availability_zone": "ap-south-1a",
            "credit_specification": [
              {
                "cpu_credits": "standard"
              }
            ],
            "disable_api_stop": false,
            "disable_api_termination": false,
            "ebs_block_device": [],
            "ebs_optimized": false,
            "enclave_options": [
              {
                "enabled": false
              }
            ],
            "ephemeral_block_device": [],
            "filter": [
              {
                "name": "instance-state-name",
                "values": [
                  "running"
                ]
              },
              {
                "name": "tag:Name",
                "values": [
                  "nfs-server"
                ]
              },
              {
                "name": "tag:cluster_name",
                "values": [
                  "confluent-cluster"
                ]
              }
            ],
            "get_password_data": false,
            "get_user_data": false,
            "host_id": "",
            "host_resource_group_arn": "",
            "iam_instance_profile": "",
            "id": "i-0b318f369193a2043",
            "instance_id": null,
            "instance_state": "running",
            "instance_tags": null,
            "instance_type": "t2.small",
            "ipv6_addresses": [],
            "key_name": "nfs-server-ap-south-1",
            "maintenance_options": [
              {
                "auto_recovery": "default"
              }
            ],
            "metadata_options": [
              {
                "http_endpoint": "enabled",
                "http_put_response_hop_limit": 1,
                "http_tokens": "optional",
                "instance_metadata_tags": "disabled"
              }
            ],
            "monitoring": false,
            "network_interface_id": "eni-00b545a5fb19ef175",
            "outpost_arn": "",
            "password_data": null,
            "placement_group": "",
            "placement_partition_number": 0,
            "private_dns": "ip-10-0-4-254.ap-south-1.compute.internal",
            "private_dns_name_options": [
              {
                "enable_resource_name_dns_a_record": false,
                "enable_resource_name_dns_aaaa_record": false,
                "hostname_type": "ip-name"
              }
            ],
            "private_ip": "10.0.4.254",
            "public_dns": "ec2-43-205-142-136.ap-south-1.compute.amazonaws.com",
            "public_ip": "43.205.142.136",
            "root_block_device": [
              {
                "delete_on_termination": true,
                "device_name": "/dev/xvda",
                "encrypted": false,
                "iops": 100,
                "kms_key_id": "",
                "tags": {},
                "throughput": 0,
                "volume_id": "vol-0f6caf11eed8ef400",
                "volume_size": 20,
                "volume_type": "gp2"
              }
            ],
            "secondary_private_ips": [],
            "security_groups": [],
            "source_dest_check": true,
            "subnet_id": "subnet-03b362bbc29eedb1d",
            "tags": {
              "Name": "nfs-server",
              "cluster_name": "confluent-cluster",
              "name": "nfs-server",
              "terraform_workspace": "apsouth1"
            },
            "tenancy": "default",
            "timeouts": null,
            "user_data": "46693e0e5bce9272365f096475f7cf1ef7a73235",
            "user_data_base64": null,
            "vpc_security_group_ids": [
              "sg-04feefa046524d8cb"
            ]
          },
          "sensitive_attributes": []
        }
      ]
    },
    {
      "module": "module.bitbucket",
      "mode": "managed",
      "type": "helm_release",
      "name": "bitbucket-data-center",
      "provider": "module.bitbucket.provider[\"registry.terraform.io/hashicorp/helm\"]",
      "instances": [
        {
          "schema_version": 1,
          "attributes": {
            "atomic": false,
            "chart": "bitbucket/bitbucket",
            "cleanup_on_fail": false,
            "create_namespace": true,
            "dependency_update": false,
            "description": null,
            "devel": null,
            "disable_crd_hooks": false,
            "disable_openapi_validation": false,
            "disable_webhooks": false,
            "force_update": false,
            "id": "bitbucket",
            "keyring": null,
            "lint": false,
            "manifest": null,
            "max_history": 0,
            "metadata": [
              {
                "app_version": "8.9.0",
                "chart": "bitbucket",
                "name": "bitbucket",
                "namespace": "bitbucket",
                "revision": 1,
                "values": "{\"bitbucket\":{\"clustering\":{\"enabled\":true},\"elasticSearch\":{\"baseUrl\":\"elasticsearch-es-http.elastic.svc:9200\",\"credentials\":{\"secretName\":\"elk-auth-secret\"}},\"service\":{\"type\":\"NodePort\"},\"sysadminCredentials\":{\"secretName\":\"bitbucket-auth\"}},\"database\":{\"credentials\":{\"secretName\":\"mysql-auth\"},\"driver\":\"org.postgresql.Driver\",\"url\":\"jdbc:postgresql://bitbucket-rds-confluent-cluster.cmlkd6hzxk08.ap-south-1.rds.amazonaws.com:5432/bitbucket\"},\"ingress\":{\"annotations\":{\"alb.ingress.kubernetes.io/backend-protocol\":\"HTTP\",\"alb.ingress.kubernetes.io/listen-ports\":\"[{\\\"HTTP\\\": 80}]\",\"alb.ingress.kubernetes.io/scheme\":\"internet-facing\",\"alb.ingress.kubernetes.io/subnets\":\"subnet-03b362bbc29eedb1d,subnet-061789e4cfa639907, subnet-0a2fe503d22d48b0a\",\"alb.ingress.kubernetes.io/success-codes\":\"200,302\",\"kubernetes.io/ingress.class\":\"alb\"},\"className\":\"alb\",\"create\":true,\"nginx\":false,\"path\":\"/\"},\"replicaCount\":1,\"secretStoreName\":\"SecretStore-confluent-cluster\",\"volumes\":{\"localHome\":{\"persistentVolume\":{\"storageClassName\":\"gp2\"},\"persistentVolumeClaim\":{\"create\":true,\"resources\":{\"requests\":{\"storage\":\"1Gi\"}},\"storageClassName\":\"gp2\"}},\"sharedHome\":{\"nfsPermissionFixer\":{\"enabled\":true},\"persistentVolume\":{\"create\":true,\"nfs\":{\"path\":\"/nfsshare\",\"server\":\"10.0.4.254\"}},\"persistentVolumeClaim\":{\"create\":true,\"storageClassName\":\"\"}}}}",
                "version": "1.12.0"
              }
            ],
            "name": "bitbucket",
            "namespace": "bitbucket",
            "pass_credentials": false,
            "postrender": [],
            "recreate_pods": false,
            "render_subchart_notes": true,
            "replace": false,
            "repository": null,
            "repository_ca_file": null,
            "repository_cert_file": null,
            "repository_key_file": null,
            "repository_password": null,
            "repository_username": null,
            "reset_values": false,
            "reuse_values": false,
            "set": [
              {
                "name": "bitbucket.clustering.enabled",
                "type": "",
                "value": "true"
              },
              {
                "name": "bitbucket.elasticSearch.baseUrl",
                "type": "",
                "value": "elasticsearch-es-http.elastic.svc:9200"
              },
              {
                "name": "bitbucket.elasticSearch.credentials.secretName",
                "type": "",
                "value": "elk-auth-secret"
              },
              {
                "name": "bitbucket.service.type",
                "type": "",
                "value": "ClusterIP"
              },
              {
                "name": "bitbucket.service.type",
                "type": "",
                "value": "NodePort"
              },
              {
                "name": "bitbucket.sysadminCredentials.secretName",
                "type": "string",
                "value": "bitbucket-auth"
              },
              {
                "name": "database.credentials.secretName",
                "type": "string",
                "value": "mysql-auth"
              },
              {
                "name": "database.driver",
                "type": "string",
                "value": "org.postgresql.Driver"
              },
              {
                "name": "database.url",
                "type": "string",
                "value": "jdbc:postgresql://bitbucket-rds-confluent-cluster.cmlkd6hzxk08.ap-south-1.rds.amazonaws.com:5432/bitbucket"
              },
              {
                "name": "ingress.annotations.alb\\.ingress\\.kubernetes\\.io/backend-protocol",
                "type": "string",
                "value": "HTTP"
              },
              {
                "name": "ingress.annotations.alb\\.ingress\\.kubernetes\\.io/listen-ports",
                "type": "string",
                "value": "[{\"HTTP\": 80}]"
              },
              {
                "name": "ingress.annotations.alb\\.ingress\\.kubernetes\\.io/scheme",
                "type": "string",
                "value": "internet-facing"
              },
              {
                "name": "ingress.annotations.alb\\.ingress\\.kubernetes\\.io/subnets",
                "type": "",
                "value": "subnet-03b362bbc29eedb1d\\,subnet-061789e4cfa639907\\, subnet-0a2fe503d22d48b0a"
              },
              {
                "name": "ingress.annotations.alb\\.ingress\\.kubernetes\\.io/success-codes",
                "type": "",
                "value": "200\\,302"
              },
              {
                "name": "ingress.annotations.kubernetes\\.io/ingress\\.class",
                "type": "string",
                "value": "alb"
              },
              {
                "name": "ingress.className",
                "type": "",
                "value": "alb"
              },
              {
                "name": "ingress.create",
                "type": "",
                "value": "true"
              },
              {
                "name": "ingress.nginx",
                "type": "",
                "value": "false"
              },
              {
                "name": "ingress.path",
                "type": "",
                "value": "/"
              },
              {
                "name": "replicaCount",
                "type": "",
                "value": "1"
              },
              {
                "name": "secretStoreName",
                "type": "",
                "value": "SecretStore-confluent-cluster"
              },
              {
                "name": "volumes.localHome.persistentVolume.storageClassName",
                "type": "string",
                "value": "gp2"
              },
              {
                "name": "volumes.localHome.persistentVolumeClaim.create",
                "type": "",
                "value": "true"
              },
              {
                "name": "volumes.localHome.persistentVolumeClaim.resources.requests.storage",
                "type": "string",
                "value": "1Gi"
              },
              {
                "name": "volumes.localHome.persistentVolumeClaim.storageClassName",
                "type": "string",
                "value": "gp2"
              },
              {
                "name": "volumes.sharedHome.nfsPermissionFixer.enabled",
                "type": "",
                "value": "true"
              },
              {
                "name": "volumes.sharedHome.persistentVolume.create",
                "type": "",
                "value": "true"
              },
              {
                "name": "volumes.sharedHome.persistentVolume.nfs.path",
                "type": "string",
                "value": "/nfsshare"
              },
              {
                "name": "volumes.sharedHome.persistentVolume.nfs.server",
                "type": "",
                "value": "10.0.4.254"
              },
              {
                "name": "volumes.sharedHome.persistentVolumeClaim.create",
                "type": "",
                "value": "true"
              },
              {
                "name": "volumes.sharedHome.persistentVolumeClaim.storageClassName",
                "type": "",
                "value": ""
              }
            ],
            "set_sensitive": [],
            "skip_crds": false,
            "status": "deployed",
            "timeout": 300,
            "values": null,
            "verify": false,
            "version": "1.12.0",
            "wait": true,
            "wait_for_jobs": false
          },
          "sensitive_attributes": [],
          "private": "eyJzY2hlbWFfdmVyc2lvbiI6IjEifQ==",
          "dependencies": [
            "data.aws_eks_cluster_auth.cluster",
            "module.bitbucket.data.aws_db_instance.database",
            "module.bitbucket.data.aws_instance.nfs_server",
            "module.bitbucket.helm_release.eck-operators",
            "module.eks_cluster.data.aws_availability_zones.available",
            "module.eks_cluster.data.aws_instances.my_worker_nodes",
            "module.eks_cluster.data.aws_subnets.private_subnets",
            "module.eks_cluster.module.ebs_csi_irsa_role.aws_iam_policy.amazon_managed_service_prometheus",
            "module.eks_cluster.module.ebs_csi_irsa_role.aws_iam_policy.appmesh_controller",
            "module.eks_cluster.module.ebs_csi_irsa_role.aws_iam_policy.appmesh_envoy_proxy",
            "module.eks_cluster.module.ebs_csi_irsa_role.aws_iam_policy.aws_gateway_controller",
            "module.eks_cluster.module.ebs_csi_irsa_role.aws_iam_policy.cert_manager",
            "module.eks_cluster.module.ebs_csi_irsa_role.aws_iam_policy.cluster_autoscaler",
            "module.eks_cluster.module.ebs_csi_irsa_role.aws_iam_policy.ebs_csi",
            "module.eks_cluster.module.ebs_csi_irsa_role.aws_iam_policy.efs_csi",
            "module.eks_cluster.module.ebs_csi_irsa_role.aws_iam_policy.external_dns",
            "module.eks_cluster.module.ebs_csi_irsa_role.aws_iam_policy.external_secrets",
            "module.eks_cluster.module.ebs_csi_irsa_role.aws_iam_policy.fsx_lustre_csi",
            "module.eks_cluster.module.ebs_csi_irsa_role.aws_iam_policy.karpenter_controller",
            "module.eks_cluster.module.ebs_csi_irsa_role.aws_iam_policy.load_balancer_controller",
            "module.eks_cluster.module.ebs_csi_irsa_role.aws_iam_policy.load_balancer_controller_targetgroup_only",
            "module.eks_cluster.module.ebs_csi_irsa_role.aws_iam_policy.node_termination_handler",
            "module.eks_cluster.module.ebs_csi_irsa_role.aws_iam_policy.velero",
            "module.eks_cluster.module.ebs_csi_irsa_role.aws_iam_policy.vpc_cni",
            "module.eks_cluster.module.ebs_csi_irsa_role.aws_iam_role.this",
            "module.eks_cluster.module.ebs_csi_irsa_role.aws_iam_role_policy_attachment.amazon_managed_service_prometheus",
            "module.eks_cluster.module.ebs_csi_irsa_role.aws_iam_role_policy_attachment.appmesh_controller",
            "module.eks_cluster.module.ebs_csi_irsa_role.aws_iam_role_policy_attachment.appmesh_envoy_proxy",
            "module.eks_cluster.module.ebs_csi_irsa_role.aws_iam_role_policy_attachment.aws_gateway_controller",
            "module.eks_cluster.module.ebs_csi_irsa_role.aws_iam_role_policy_attachment.cert_manager",
            "module.eks_cluster.module.ebs_csi_irsa_role.aws_iam_role_policy_attachment.cluster_autoscaler",
            "module.eks_cluster.module.ebs_csi_irsa_role.aws_iam_role_policy_attachment.ebs_csi",
            "module.eks_cluster.module.ebs_csi_irsa_role.aws_iam_role_policy_attachment.efs_csi",
            "module.eks_cluster.module.ebs_csi_irsa_role.aws_iam_role_policy_attachment.external_dns",
            "module.eks_cluster.module.ebs_csi_irsa_role.aws_iam_role_policy_attachment.external_secrets",
            "module.eks_cluster.module.ebs_csi_irsa_role.aws_iam_role_policy_attachment.fsx_lustre_csi",
            "module.eks_cluster.module.ebs_csi_irsa_role.aws_iam_role_policy_attachment.karpenter_controller",
            "module.eks_cluster.module.ebs_csi_irsa_role.aws_iam_role_policy_attachment.load_balancer_controller",
            "module.eks_cluster.module.ebs_csi_irsa_role.aws_iam_role_policy_attachment.load_balancer_controller_targetgroup_only",
            "module.eks_cluster.module.ebs_csi_irsa_role.aws_iam_role_policy_attachment.node_termination_handler",
            "module.eks_cluster.module.ebs_csi_irsa_role.aws_iam_role_policy_attachment.this",
            "module.eks_cluster.module.ebs_csi_irsa_role.aws_iam_role_policy_attachment.velero",
            "module.eks_cluster.module.ebs_csi_irsa_role.aws_iam_role_policy_attachment.vpc_cni",
            "module.eks_cluster.module.ebs_csi_irsa_role.data.aws_caller_identity.current",
            "module.eks_cluster.module.ebs_csi_irsa_role.data.aws_iam_policy_document.amazon_managed_service_prometheus",
            "module.eks_cluster.module.ebs_csi_irsa_role.data.aws_iam_policy_document.appmesh_controller",
            "module.eks_cluster.module.ebs_csi_irsa_role.data.aws_iam_policy_document.appmesh_envoy_proxy",
            "module.eks_cluster.module.ebs_csi_irsa_role.data.aws_iam_policy_document.aws_gateway_controller",
            "module.eks_cluster.module.ebs_csi_irsa_role.data.aws_iam_policy_document.cert_manager",
            "module.eks_cluster.module.ebs_csi_irsa_role.data.aws_iam_policy_document.cluster_autoscaler",
            "module.eks_cluster.module.ebs_csi_irsa_role.data.aws_iam_policy_document.ebs_csi",
            "module.eks_cluster.module.ebs_csi_irsa_role.data.aws_iam_policy_document.efs_csi",
            "module.eks_cluster.module.ebs_csi_irsa_role.data.aws_iam_policy_document.external_dns",
            "module.eks_cluster.module.ebs_csi_irsa_role.data.aws_iam_policy_document.external_secrets",
            "module.eks_cluster.module.ebs_csi_irsa_role.data.aws_iam_policy_document.fsx_lustre_csi",
            "module.eks_cluster.module.ebs_csi_irsa_role.data.aws_iam_policy_document.karpenter_controller",
            "module.eks_cluster.module.ebs_csi_irsa_role.data.aws_iam_policy_document.load_balancer_controller",
            "module.eks_cluster.module.ebs_csi_irsa_role.data.aws_iam_policy_document.load_balancer_controller_targetgroup_only",
            "module.eks_cluster.module.ebs_csi_irsa_role.data.aws_iam_policy_document.node_termination_handler",
            "module.eks_cluster.module.ebs_csi_irsa_role.data.aws_iam_policy_document.this",
            "module.eks_cluster.module.ebs_csi_irsa_role.data.aws_iam_policy_document.velero",
            "module.eks_cluster.module.ebs_csi_irsa_role.data.aws_iam_policy_document.vpc_cni",
            "module.eks_cluster.module.ebs_csi_irsa_role.data.aws_partition.current",
            "module.eks_cluster.module.ebs_csi_irsa_role.data.aws_region.current",
            "module.eks_cluster.module.eks.aws_cloudwatch_log_group.this",
            "module.eks_cluster.module.eks.aws_ec2_tag.cluster_primary_security_group",
            "module.eks_cluster.module.eks.aws_eks_addon.before_compute",
            "module.eks_cluster.module.eks.aws_eks_addon.this",
            "module.eks_cluster.module.eks.aws_eks_cluster.this",
            "module.eks_cluster.module.eks.aws_eks_identity_provider_config.this",
            "module.eks_cluster.module.eks.aws_iam_openid_connect_provider.oidc_provider",
            "module.eks_cluster.module.eks.aws_iam_policy.cluster_encryption",
            "module.eks_cluster.module.eks.aws_iam_policy.cni_ipv6_policy",
            "module.eks_cluster.module.eks.aws_iam_role.this",
            "module.eks_cluster.module.eks.aws_iam_role_policy_attachment.additional",
            "module.eks_cluster.module.eks.aws_iam_role_policy_attachment.cluster_encryption",
            "module.eks_cluster.module.eks.aws_iam_role_policy_attachment.this",
            "module.eks_cluster.module.eks.aws_security_group.cluster",
            "module.eks_cluster.module.eks.aws_security_group.node",
            "module.eks_cluster.module.eks.aws_security_group_rule.cluster",
            "module.eks_cluster.module.eks.aws_security_group_rule.node",
            "module.eks_cluster.module.eks.data.aws_caller_identity.current",
            "module.eks_cluster.module.eks.data.aws_eks_addon_version.this",
            "module.eks_cluster.module.eks.data.aws_iam_policy_document.assume_role_policy",
            "module.eks_cluster.module.eks.data.aws_iam_policy_document.cni_ipv6_policy",
            "module.eks_cluster.module.eks.data.aws_iam_session_context.current",
            "module.eks_cluster.module.eks.data.aws_partition.current",
            "module.eks_cluster.module.eks.data.tls_certificate.this",
            "module.eks_cluster.module.eks.kubernetes_config_map.aws_auth",
            "module.eks_cluster.module.eks.kubernetes_config_map_v1_data.aws_auth",
            "module.eks_cluster.module.eks.module.eks_managed_node_group.aws_autoscaling_schedule.this",
            "module.eks_cluster.module.eks.module.eks_managed_node_group.aws_eks_node_group.this",
            "module.eks_cluster.module.eks.module.eks_managed_node_group.aws_iam_role.this",
            "module.eks_cluster.module.eks.module.eks_managed_node_group.aws_iam_role_policy_attachment.additional",
            "module.eks_cluster.module.eks.module.eks_managed_node_group.aws_iam_role_policy_attachment.this",
            "module.eks_cluster.module.eks.module.eks_managed_node_group.aws_launch_template.this",
            "module.eks_cluster.module.eks.module.eks_managed_node_group.data.aws_caller_identity.current",
            "module.eks_cluster.module.eks.module.eks_managed_node_group.data.aws_iam_policy_document.assume_role_policy",
            "module.eks_cluster.module.eks.module.eks_managed_node_group.data.aws_partition.current",
            "module.eks_cluster.module.eks.module.eks_managed_node_group.module.user_data.data.cloudinit_config.linux_eks_managed_node_group",
            "module.eks_cluster.module.eks.module.fargate_profile.aws_eks_fargate_profile.this",
            "module.eks_cluster.module.eks.module.fargate_profile.aws_iam_role.this",
            "module.eks_cluster.module.eks.module.fargate_profile.aws_iam_role_policy_attachment.additional",
            "module.eks_cluster.module.eks.module.fargate_profile.aws_iam_role_policy_attachment.this",
            "module.eks_cluster.module.eks.module.fargate_profile.data.aws_caller_identity.current",
            "module.eks_cluster.module.eks.module.fargate_profile.data.aws_iam_policy_document.assume_role_policy",
            "module.eks_cluster.module.eks.module.fargate_profile.data.aws_partition.current",
            "module.eks_cluster.module.eks.module.kms.aws_kms_alias.this",
            "module.eks_cluster.module.eks.module.kms.aws_kms_external_key.this",
            "module.eks_cluster.module.eks.module.kms.aws_kms_grant.this",
            "module.eks_cluster.module.eks.module.kms.aws_kms_key.this",
            "module.eks_cluster.module.eks.module.kms.data.aws_caller_identity.current",
            "module.eks_cluster.module.eks.module.kms.data.aws_iam_policy_document.this",
            "module.eks_cluster.module.eks.module.kms.data.aws_partition.current",
            "module.eks_cluster.module.eks.module.self_managed_node_group.aws_autoscaling_group.this",
            "module.eks_cluster.module.eks.module.self_managed_node_group.aws_autoscaling_schedule.this",
            "module.eks_cluster.module.eks.module.self_managed_node_group.aws_iam_instance_profile.this",
            "module.eks_cluster.module.eks.module.self_managed_node_group.aws_iam_role.this",
            "module.eks_cluster.module.eks.module.self_managed_node_group.aws_iam_role_policy_attachment.additional",
            "module.eks_cluster.module.eks.module.self_managed_node_group.aws_iam_role_policy_attachment.this",
            "module.eks_cluster.module.eks.module.self_managed_node_group.aws_launch_template.this",
            "module.eks_cluster.module.eks.module.self_managed_node_group.data.aws_ami.eks_default",
            "module.eks_cluster.module.eks.module.self_managed_node_group.data.aws_caller_identity.current",
            "module.eks_cluster.module.eks.module.self_managed_node_group.data.aws_iam_policy_document.assume_role_policy",
            "module.eks_cluster.module.eks.module.self_managed_node_group.data.aws_partition.current",
            "module.eks_cluster.module.eks.module.self_managed_node_group.module.user_data.data.cloudinit_config.linux_eks_managed_node_group",
            "module.eks_cluster.module.eks.time_sleep.this"
          ]
        }
      ]
    },
    {
      "module": "module.bitbucket",
      "mode": "managed",
      "type": "helm_release",
      "name": "eck-operators",
      "provider": "module.bitbucket.provider[\"registry.terraform.io/hashicorp/helm\"]",
      "instances": [
        {
          "schema_version": 1,
          "attributes": {
            "atomic": false,
            "chart": "eck-operator",
            "cleanup_on_fail": false,
            "create_namespace": true,
            "dependency_update": false,
            "description": null,
            "devel": null,
            "disable_crd_hooks": false,
            "disable_openapi_validation": false,
            "disable_webhooks": false,
            "force_update": false,
            "id": "eck-operator",
            "keyring": null,
            "lint": false,
            "manifest": null,
            "max_history": 0,
            "metadata": [
              {
                "app_version": "2.8.0",
                "chart": "eck-operator",
                "name": "eck-operator",
                "namespace": "elastic",
                "revision": 1,
                "values": "null",
                "version": "2.8.0"
              }
            ],
            "name": "eck-operator",
            "namespace": "elastic",
            "pass_credentials": false,
            "postrender": [],
            "recreate_pods": false,
            "render_subchart_notes": true,
            "replace": false,
            "repository": "https://helm.elastic.co",
            "repository_ca_file": null,
            "repository_cert_file": null,
            "repository_key_file": null,
            "repository_password": null,
            "repository_username": null,
            "reset_values": false,
            "reuse_values": false,
            "set": [],
            "set_sensitive": [],
            "skip_crds": false,
            "status": "deployed",
            "timeout": 300,
            "values": null,
            "verify": false,
            "version": "2.8.0",
            "wait": true,
            "wait_for_jobs": false
          },
          "sensitive_attributes": [],
          "private": "eyJzY2hlbWFfdmVyc2lvbiI6IjEifQ==",
          "dependencies": [
            "data.aws_eks_cluster_auth.cluster",
            "module.eks_cluster.data.aws_availability_zones.available",
            "module.eks_cluster.data.aws_instances.my_worker_nodes",
            "module.eks_cluster.data.aws_subnets.private_subnets",
            "module.eks_cluster.module.ebs_csi_irsa_role.aws_iam_policy.amazon_managed_service_prometheus",
            "module.eks_cluster.module.ebs_csi_irsa_role.aws_iam_policy.appmesh_controller",
            "module.eks_cluster.module.ebs_csi_irsa_role.aws_iam_policy.appmesh_envoy_proxy",
            "module.eks_cluster.module.ebs_csi_irsa_role.aws_iam_policy.aws_gateway_controller",
            "module.eks_cluster.module.ebs_csi_irsa_role.aws_iam_policy.cert_manager",
            "module.eks_cluster.module.ebs_csi_irsa_role.aws_iam_policy.cluster_autoscaler",
            "module.eks_cluster.module.ebs_csi_irsa_role.aws_iam_policy.ebs_csi",
            "module.eks_cluster.module.ebs_csi_irsa_role.aws_iam_policy.efs_csi",
            "module.eks_cluster.module.ebs_csi_irsa_role.aws_iam_policy.external_dns",
            "module.eks_cluster.module.ebs_csi_irsa_role.aws_iam_policy.external_secrets",
            "module.eks_cluster.module.ebs_csi_irsa_role.aws_iam_policy.fsx_lustre_csi",
            "module.eks_cluster.module.ebs_csi_irsa_role.aws_iam_policy.karpenter_controller",
            "module.eks_cluster.module.ebs_csi_irsa_role.aws_iam_policy.load_balancer_controller",
            "module.eks_cluster.module.ebs_csi_irsa_role.aws_iam_policy.load_balancer_controller_targetgroup_only",
            "module.eks_cluster.module.ebs_csi_irsa_role.aws_iam_policy.node_termination_handler",
            "module.eks_cluster.module.ebs_csi_irsa_role.aws_iam_policy.velero",
            "module.eks_cluster.module.ebs_csi_irsa_role.aws_iam_policy.vpc_cni",
            "module.eks_cluster.module.ebs_csi_irsa_role.aws_iam_role.this",
            "module.eks_cluster.module.ebs_csi_irsa_role.aws_iam_role_policy_attachment.amazon_managed_service_prometheus",
            "module.eks_cluster.module.ebs_csi_irsa_role.aws_iam_role_policy_attachment.appmesh_controller",
            "module.eks_cluster.module.ebs_csi_irsa_role.aws_iam_role_policy_attachment.appmesh_envoy_proxy",
            "module.eks_cluster.module.ebs_csi_irsa_role.aws_iam_role_policy_attachment.aws_gateway_controller",
            "module.eks_cluster.module.ebs_csi_irsa_role.aws_iam_role_policy_attachment.cert_manager",
            "module.eks_cluster.module.ebs_csi_irsa_role.aws_iam_role_policy_attachment.cluster_autoscaler",
            "module.eks_cluster.module.ebs_csi_irsa_role.aws_iam_role_policy_attachment.ebs_csi",
            "module.eks_cluster.module.ebs_csi_irsa_role.aws_iam_role_policy_attachment.efs_csi",
            "module.eks_cluster.module.ebs_csi_irsa_role.aws_iam_role_policy_attachment.external_dns",
            "module.eks_cluster.module.ebs_csi_irsa_role.aws_iam_role_policy_attachment.external_secrets",
            "module.eks_cluster.module.ebs_csi_irsa_role.aws_iam_role_policy_attachment.fsx_lustre_csi",
            "module.eks_cluster.module.ebs_csi_irsa_role.aws_iam_role_policy_attachment.karpenter_controller",
            "module.eks_cluster.module.ebs_csi_irsa_role.aws_iam_role_policy_attachment.load_balancer_controller",
            "module.eks_cluster.module.ebs_csi_irsa_role.aws_iam_role_policy_attachment.load_balancer_controller_targetgroup_only",
            "module.eks_cluster.module.ebs_csi_irsa_role.aws_iam_role_policy_attachment.node_termination_handler",
            "module.eks_cluster.module.ebs_csi_irsa_role.aws_iam_role_policy_attachment.this",
            "module.eks_cluster.module.ebs_csi_irsa_role.aws_iam_role_policy_attachment.velero",
            "module.eks_cluster.module.ebs_csi_irsa_role.aws_iam_role_policy_attachment.vpc_cni",
            "module.eks_cluster.module.ebs_csi_irsa_role.data.aws_caller_identity.current",
            "module.eks_cluster.module.ebs_csi_irsa_role.data.aws_iam_policy_document.amazon_managed_service_prometheus",
            "module.eks_cluster.module.ebs_csi_irsa_role.data.aws_iam_policy_document.appmesh_controller",
            "module.eks_cluster.module.ebs_csi_irsa_role.data.aws_iam_policy_document.appmesh_envoy_proxy",
            "module.eks_cluster.module.ebs_csi_irsa_role.data.aws_iam_policy_document.aws_gateway_controller",
            "module.eks_cluster.module.ebs_csi_irsa_role.data.aws_iam_policy_document.cert_manager",
            "module.eks_cluster.module.ebs_csi_irsa_role.data.aws_iam_policy_document.cluster_autoscaler",
            "module.eks_cluster.module.ebs_csi_irsa_role.data.aws_iam_policy_document.ebs_csi",
            "module.eks_cluster.module.ebs_csi_irsa_role.data.aws_iam_policy_document.efs_csi",
            "module.eks_cluster.module.ebs_csi_irsa_role.data.aws_iam_policy_document.external_dns",
            "module.eks_cluster.module.ebs_csi_irsa_role.data.aws_iam_policy_document.external_secrets",
            "module.eks_cluster.module.ebs_csi_irsa_role.data.aws_iam_policy_document.fsx_lustre_csi",
            "module.eks_cluster.module.ebs_csi_irsa_role.data.aws_iam_policy_document.karpenter_controller",
            "module.eks_cluster.module.ebs_csi_irsa_role.data.aws_iam_policy_document.load_balancer_controller",
            "module.eks_cluster.module.ebs_csi_irsa_role.data.aws_iam_policy_document.load_balancer_controller_targetgroup_only",
            "module.eks_cluster.module.ebs_csi_irsa_role.data.aws_iam_policy_document.node_termination_handler",
            "module.eks_cluster.module.ebs_csi_irsa_role.data.aws_iam_policy_document.this",
            "module.eks_cluster.module.ebs_csi_irsa_role.data.aws_iam_policy_document.velero",
            "module.eks_cluster.module.ebs_csi_irsa_role.data.aws_iam_policy_document.vpc_cni",
            "module.eks_cluster.module.ebs_csi_irsa_role.data.aws_partition.current",
            "module.eks_cluster.module.ebs_csi_irsa_role.data.aws_region.current",
            "module.eks_cluster.module.eks.aws_cloudwatch_log_group.this",
            "module.eks_cluster.module.eks.aws_ec2_tag.cluster_primary_security_group",
            "module.eks_cluster.module.eks.aws_eks_addon.before_compute",
            "module.eks_cluster.module.eks.aws_eks_addon.this",
            "module.eks_cluster.module.eks.aws_eks_cluster.this",
            "module.eks_cluster.module.eks.aws_eks_identity_provider_config.this",
            "module.eks_cluster.module.eks.aws_iam_openid_connect_provider.oidc_provider",
            "module.eks_cluster.module.eks.aws_iam_policy.cluster_encryption",
            "module.eks_cluster.module.eks.aws_iam_policy.cni_ipv6_policy",
            "module.eks_cluster.module.eks.aws_iam_role.this",
            "module.eks_cluster.module.eks.aws_iam_role_policy_attachment.additional",
            "module.eks_cluster.module.eks.aws_iam_role_policy_attachment.cluster_encryption",
            "module.eks_cluster.module.eks.aws_iam_role_policy_attachment.this",
            "module.eks_cluster.module.eks.aws_security_group.cluster",
            "module.eks_cluster.module.eks.aws_security_group.node",
            "module.eks_cluster.module.eks.aws_security_group_rule.cluster",
            "module.eks_cluster.module.eks.aws_security_group_rule.node",
            "module.eks_cluster.module.eks.data.aws_caller_identity.current",
            "module.eks_cluster.module.eks.data.aws_eks_addon_version.this",
            "module.eks_cluster.module.eks.data.aws_iam_policy_document.assume_role_policy",
            "module.eks_cluster.module.eks.data.aws_iam_policy_document.cni_ipv6_policy",
            "module.eks_cluster.module.eks.data.aws_iam_session_context.current",
            "module.eks_cluster.module.eks.data.aws_partition.current",
            "module.eks_cluster.module.eks.data.tls_certificate.this",
            "module.eks_cluster.module.eks.kubernetes_config_map.aws_auth",
            "module.eks_cluster.module.eks.kubernetes_config_map_v1_data.aws_auth",
            "module.eks_cluster.module.eks.module.eks_managed_node_group.aws_autoscaling_schedule.this",
            "module.eks_cluster.module.eks.module.eks_managed_node_group.aws_eks_node_group.this",
            "module.eks_cluster.module.eks.module.eks_managed_node_group.aws_iam_role.this",
            "module.eks_cluster.module.eks.module.eks_managed_node_group.aws_iam_role_policy_attachment.additional",
            "module.eks_cluster.module.eks.module.eks_managed_node_group.aws_iam_role_policy_attachment.this",
            "module.eks_cluster.module.eks.module.eks_managed_node_group.aws_launch_template.this",
            "module.eks_cluster.module.eks.module.eks_managed_node_group.data.aws_caller_identity.current",
            "module.eks_cluster.module.eks.module.eks_managed_node_group.data.aws_iam_policy_document.assume_role_policy",
            "module.eks_cluster.module.eks.module.eks_managed_node_group.data.aws_partition.current",
            "module.eks_cluster.module.eks.module.eks_managed_node_group.module.user_data.data.cloudinit_config.linux_eks_managed_node_group",
            "module.eks_cluster.module.eks.module.fargate_profile.aws_eks_fargate_profile.this",
            "module.eks_cluster.module.eks.module.fargate_profile.aws_iam_role.this",
            "module.eks_cluster.module.eks.module.fargate_profile.aws_iam_role_policy_attachment.additional",
            "module.eks_cluster.module.eks.module.fargate_profile.aws_iam_role_policy_attachment.this",
            "module.eks_cluster.module.eks.module.fargate_profile.data.aws_caller_identity.current",
            "module.eks_cluster.module.eks.module.fargate_profile.data.aws_iam_policy_document.assume_role_policy",
            "module.eks_cluster.module.eks.module.fargate_profile.data.aws_partition.current",
            "module.eks_cluster.module.eks.module.kms.aws_kms_alias.this",
            "module.eks_cluster.module.eks.module.kms.aws_kms_external_key.this",
            "module.eks_cluster.module.eks.module.kms.aws_kms_grant.this",
            "module.eks_cluster.module.eks.module.kms.aws_kms_key.this",
            "module.eks_cluster.module.eks.module.kms.data.aws_caller_identity.current",
            "module.eks_cluster.module.eks.module.kms.data.aws_iam_policy_document.this",
            "module.eks_cluster.module.eks.module.kms.data.aws_partition.current",
            "module.eks_cluster.module.eks.module.self_managed_node_group.aws_autoscaling_group.this",
            "module.eks_cluster.module.eks.module.self_managed_node_group.aws_autoscaling_schedule.this",
            "module.eks_cluster.module.eks.module.self_managed_node_group.aws_iam_instance_profile.this",
            "module.eks_cluster.module.eks.module.self_managed_node_group.aws_iam_role.this",
            "module.eks_cluster.module.eks.module.self_managed_node_group.aws_iam_role_policy_attachment.additional",
            "module.eks_cluster.module.eks.module.self_managed_node_group.aws_iam_role_policy_attachment.this",
            "module.eks_cluster.module.eks.module.self_managed_node_group.aws_launch_template.this",
            "module.eks_cluster.module.eks.module.self_managed_node_group.data.aws_ami.eks_default",
            "module.eks_cluster.module.eks.module.self_managed_node_group.data.aws_caller_identity.current",
            "module.eks_cluster.module.eks.module.self_managed_node_group.data.aws_iam_policy_document.assume_role_policy",
            "module.eks_cluster.module.eks.module.self_managed_node_group.data.aws_partition.current",
            "module.eks_cluster.module.eks.module.self_managed_node_group.module.user_data.data.cloudinit_config.linux_eks_managed_node_group",
            "module.eks_cluster.module.eks.time_sleep.this"
          ]
        }
      ]
    },
    {
      "module": "module.confluence",
      "mode": "data",
      "type": "aws_db_instance",
      "name": "database",
      "provider": "provider[\"registry.terraform.io/hashicorp/aws\"]",
      "instances": [
        {
          "schema_version": 0,
          "attributes": {
            "address": "bitbucket-rds-confluent-cluster.cmlkd6hzxk08.ap-south-1.rds.amazonaws.com",
            "allocated_storage": 10,
            "auto_minor_version_upgrade": true,
            "availability_zone": "ap-south-1c",
            "backup_retention_period": 0,
            "ca_cert_identifier": "rds-ca-2019",
            "db_cluster_identifier": "",
            "db_instance_arn": "arn:aws:rds:ap-south-1:998516096174:db:bitbucket-rds-confluent-cluster",
            "db_instance_class": "db.t3.micro",
            "db_instance_identifier": "bitbucket-rds-confluent-cluster",
            "db_instance_port": 0,
            "db_name": "bitbucket",
            "db_parameter_groups": [
              "default.postgres14"
            ],
            "db_subnet_group": "rds-subnet-group-confluent-cluster",
            "enabled_cloudwatch_logs_exports": [],
            "endpoint": "bitbucket-rds-confluent-cluster.cmlkd6hzxk08.ap-south-1.rds.amazonaws.com:5432",
            "engine": "postgres",
            "engine_version": "14.7",
            "hosted_zone_id": "Z2VFMSZA74J7XZ",
            "id": "bitbucket-rds-confluent-cluster",
            "iops": 0,
            "kms_key_id": "",
            "license_model": "postgresql-license",
            "master_user_secret": null,
            "master_username": "foo",
            "monitoring_interval": 0,
            "monitoring_role_arn": "",
            "multi_az": false,
            "network_type": "IPV4",
            "option_group_memberships": [
              "default:postgres-14"
            ],
            "port": 5432,
            "preferred_backup_window": "20:51-21:21",
            "preferred_maintenance_window": "thu:10:08-thu:10:38",
            "publicly_accessible": false,
            "replicate_source_db": "",
            "resource_id": "db-3GAQJOZSWDJKPPTQDNT7QAA7JA",
            "storage_encrypted": false,
            "storage_throughput": 0,
            "storage_type": "gp2",
            "tags": {
              "cluster_name": "confluent-cluster",
              "terraform_workspace": "apsouth1"
            },
            "timezone": "",
            "vpc_security_groups": [
              "sg-0dab1bdc59f851e35"
            ]
          },
          "sensitive_attributes": []
        }
      ]
    },
    {
      "module": "module.confluence",
      "mode": "data",
      "type": "aws_instance",
      "name": "nfs_server",
      "provider": "provider[\"registry.terraform.io/hashicorp/aws\"]",
      "instances": [
        {
          "schema_version": 0,
          "attributes": {
            "ami": "ami-04e81c5c7a4851ebf",
            "arn": "arn:aws:ec2:ap-south-1:998516096174:instance/i-0b318f369193a2043",
            "associate_public_ip_address": true,
            "availability_zone": "ap-south-1a",
            "credit_specification": [
              {
                "cpu_credits": "standard"
              }
            ],
            "disable_api_stop": false,
            "disable_api_termination": false,
            "ebs_block_device": [],
            "ebs_optimized": false,
            "enclave_options": [
              {
                "enabled": false
              }
            ],
            "ephemeral_block_device": [],
            "filter": [
              {
                "name": "instance-state-name",
                "values": [
                  "running"
                ]
              },
              {
                "name": "tag:Name",
                "values": [
                  "nfs-server"
                ]
              },
              {
                "name": "tag:cluster_name",
                "values": [
                  "confluent-cluster"
                ]
              }
            ],
            "get_password_data": false,
            "get_user_data": false,
            "host_id": "",
            "host_resource_group_arn": "",
            "iam_instance_profile": "",
            "id": "i-0b318f369193a2043",
            "instance_id": null,
            "instance_state": "running",
            "instance_tags": null,
            "instance_type": "t2.small",
            "ipv6_addresses": [],
            "key_name": "nfs-server-ap-south-1",
            "maintenance_options": [
              {
                "auto_recovery": "default"
              }
            ],
            "metadata_options": [
              {
                "http_endpoint": "enabled",
                "http_put_response_hop_limit": 1,
                "http_tokens": "optional",
                "instance_metadata_tags": "disabled"
              }
            ],
            "monitoring": false,
            "network_interface_id": "eni-00b545a5fb19ef175",
            "outpost_arn": "",
            "password_data": null,
            "placement_group": "",
            "placement_partition_number": 0,
            "private_dns": "ip-10-0-4-254.ap-south-1.compute.internal",
            "private_dns_name_options": [
              {
                "enable_resource_name_dns_a_record": false,
                "enable_resource_name_dns_aaaa_record": false,
                "hostname_type": "ip-name"
              }
            ],
            "private_ip": "10.0.4.254",
            "public_dns": "ec2-43-205-142-136.ap-south-1.compute.amazonaws.com",
            "public_ip": "43.205.142.136",
            "root_block_device": [
              {
                "delete_on_termination": true,
                "device_name": "/dev/xvda",
                "encrypted": false,
                "iops": 100,
                "kms_key_id": "",
                "tags": {},
                "throughput": 0,
                "volume_id": "vol-0f6caf11eed8ef400",
                "volume_size": 20,
                "volume_type": "gp2"
              }
            ],
            "secondary_private_ips": [],
            "security_groups": [],
            "source_dest_check": true,
            "subnet_id": "subnet-03b362bbc29eedb1d",
            "tags": {
              "Name": "nfs-server",
              "cluster_name": "confluent-cluster",
              "name": "nfs-server",
              "terraform_workspace": "apsouth1"
            },
            "tenancy": "default",
            "timeouts": null,
            "user_data": "46693e0e5bce9272365f096475f7cf1ef7a73235",
            "user_data_base64": null,
            "vpc_security_group_ids": [
              "sg-04feefa046524d8cb"
            ]
          },
          "sensitive_attributes": []
        }
      ]
    },
    {
      "module": "module.confluence",
      "mode": "managed",
      "type": "helm_release",
      "name": "confluence-data-center",
      "provider": "module.confluence.provider[\"registry.terraform.io/hashicorp/helm\"]",
      "instances": [
        {
          "schema_version": 1,
          "attributes": {
            "atomic": false,
            "chart": "confluence/confluence",
            "cleanup_on_fail": false,
            "create_namespace": true,
            "dependency_update": false,
            "description": null,
            "devel": null,
            "disable_crd_hooks": false,
            "disable_openapi_validation": false,
            "disable_webhooks": false,
            "force_update": false,
            "id": "confluence",
            "keyring": null,
            "lint": false,
            "manifest": null,
            "max_history": 0,
            "metadata": [
              {
                "app_version": "7.19.10",
                "chart": "confluence",
                "name": "confluence",
                "namespace": "confluence",
                "revision": 1,
                "values": "{\"database\":{\"credentials\":{\"secretName\":\"mysql-auth\"},\"type\":\"postgresql\",\"url\":\"jdbc:postgresql://bitbucket-rds-confluent-cluster.cmlkd6hzxk08.ap-south-1.rds.amazonaws.com:5432/bitbucket\"},\"ingress\":{\"annotations\":{\"alb.ingress.kubernetes.io/backend-protocol\":\"HTTP\",\"alb.ingress.kubernetes.io/listen-ports\":\"[{\\\"HTTP\\\": 80}]\",\"alb.ingress.kubernetes.io/scheme\":\"internet-facing\",\"alb.ingress.kubernetes.io/subnets\":\"subnet-03b362bbc29eedb1d,subnet-061789e4cfa639907, subnet-0a2fe503d22d48b0a\",\"alb.ingress.kubernetes.io/success-codes\":\"200,302\",\"kubernetes.io/ingress.class\":\"alb\"},\"className\":\"alb\",\"create\":true,\"nginx\":false,\"path\":\"/\"},\"secretStoreName\":\"SecretStore-confluent-cluster\",\"volumes\":{\"localHome\":{\"persistentVolume\":{\"storageClassName\":\"gp2\"},\"persistentVolumeClaim\":{\"create\":true,\"resources\":{\"requests\":{\"storage\":\"1Gi\"}},\"storageClassName\":\"gp2\"}},\"sharedHome\":{\"persistentVolume\":{\"create\":true,\"nfs\":{\"path\":\"/nfsshare\",\"server\":\"10.0.4.254\"}},\"persistentVolumeClaim\":{\"create\":true,\"storageClassName\":\"\"}}}}",
                "version": "1.13.1"
              }
            ],
            "name": "confluence",
            "namespace": "confluence",
            "pass_credentials": false,
            "postrender": [],
            "recreate_pods": false,
            "render_subchart_notes": true,
            "replace": false,
            "repository": null,
            "repository_ca_file": null,
            "repository_cert_file": null,
            "repository_key_file": null,
            "repository_password": null,
            "repository_username": null,
            "reset_values": false,
            "reuse_values": false,
            "set": [
              {
                "name": "database.credentials.secretName",
                "type": "string",
                "value": "mysql-auth"
              },
              {
                "name": "database.type",
                "type": "",
                "value": "postgresql"
              },
              {
                "name": "database.url",
                "type": "string",
                "value": "jdbc:postgresql://bitbucket-rds-confluent-cluster.cmlkd6hzxk08.ap-south-1.rds.amazonaws.com:5432/bitbucket"
              },
              {
                "name": "ingress.annotations.alb\\.ingress\\.kubernetes\\.io/backend-protocol",
                "type": "string",
                "value": "HTTP"
              },
              {
                "name": "ingress.annotations.alb\\.ingress\\.kubernetes\\.io/listen-ports",
                "type": "string",
                "value": "[{\"HTTP\": 80}]"
              },
              {
                "name": "ingress.annotations.alb\\.ingress\\.kubernetes\\.io/scheme",
                "type": "string",
                "value": "internet-facing"
              },
              {
                "name": "ingress.annotations.alb\\.ingress\\.kubernetes\\.io/subnets",
                "type": "",
                "value": "subnet-03b362bbc29eedb1d\\,subnet-061789e4cfa639907\\, subnet-0a2fe503d22d48b0a"
              },
              {
                "name": "ingress.annotations.alb\\.ingress\\.kubernetes\\.io/success-codes",
                "type": "",
                "value": "200\\,302"
              },
              {
                "name": "ingress.annotations.kubernetes\\.io/ingress\\.class",
                "type": "string",
                "value": "alb"
              },
              {
                "name": "ingress.className",
                "type": "",
                "value": "alb"
              },
              {
                "name": "ingress.create",
                "type": "",
                "value": "true"
              },
              {
                "name": "ingress.nginx",
                "type": "",
                "value": "false"
              },
              {
                "name": "ingress.path",
                "type": "",
                "value": "/"
              },
              {
                "name": "secretStoreName",
                "type": "",
                "value": "SecretStore-confluent-cluster"
              },
              {
                "name": "volumes.localHome.persistentVolume.storageClassName",
                "type": "string",
                "value": "gp2"
              },
              {
                "name": "volumes.localHome.persistentVolumeClaim.create",
                "type": "",
                "value": "true"
              },
              {
                "name": "volumes.localHome.persistentVolumeClaim.resources.requests.storage",
                "type": "string",
                "value": "1Gi"
              },
              {
                "name": "volumes.localHome.persistentVolumeClaim.storageClassName",
                "type": "string",
                "value": "gp2"
              },
              {
                "name": "volumes.sharedHome.persistentVolume.create",
                "type": "",
                "value": "true"
              },
              {
                "name": "volumes.sharedHome.persistentVolume.nfs.path",
                "type": "string",
                "value": "/nfsshare"
              },
              {
                "name": "volumes.sharedHome.persistentVolume.nfs.server",
                "type": "",
                "value": "10.0.4.254"
              },
              {
                "name": "volumes.sharedHome.persistentVolumeClaim.create",
                "type": "",
                "value": "true"
              },
              {
                "name": "volumes.sharedHome.persistentVolumeClaim.storageClassName",
                "type": "",
                "value": ""
              }
            ],
            "set_sensitive": [],
            "skip_crds": false,
            "status": "deployed",
            "timeout": 300,
            "values": null,
            "verify": false,
            "version": "1.13.1",
            "wait": true,
            "wait_for_jobs": false
          },
          "sensitive_attributes": [],
          "private": "eyJzY2hlbWFfdmVyc2lvbiI6IjEifQ==",
          "dependencies": [
            "data.aws_eks_cluster_auth.cluster",
            "module.confluence.data.aws_db_instance.database",
            "module.confluence.data.aws_instance.nfs_server",
            "module.eks_cluster.data.aws_availability_zones.available",
            "module.eks_cluster.data.aws_instances.my_worker_nodes",
            "module.eks_cluster.data.aws_subnets.private_subnets",
            "module.eks_cluster.module.ebs_csi_irsa_role.aws_iam_policy.amazon_managed_service_prometheus",
            "module.eks_cluster.module.ebs_csi_irsa_role.aws_iam_policy.appmesh_controller",
            "module.eks_cluster.module.ebs_csi_irsa_role.aws_iam_policy.appmesh_envoy_proxy",
            "module.eks_cluster.module.ebs_csi_irsa_role.aws_iam_policy.aws_gateway_controller",
            "module.eks_cluster.module.ebs_csi_irsa_role.aws_iam_policy.cert_manager",
            "module.eks_cluster.module.ebs_csi_irsa_role.aws_iam_policy.cluster_autoscaler",
            "module.eks_cluster.module.ebs_csi_irsa_role.aws_iam_policy.ebs_csi",
            "module.eks_cluster.module.ebs_csi_irsa_role.aws_iam_policy.efs_csi",
            "module.eks_cluster.module.ebs_csi_irsa_role.aws_iam_policy.external_dns",
            "module.eks_cluster.module.ebs_csi_irsa_role.aws_iam_policy.external_secrets",
            "module.eks_cluster.module.ebs_csi_irsa_role.aws_iam_policy.fsx_lustre_csi",
            "module.eks_cluster.module.ebs_csi_irsa_role.aws_iam_policy.karpenter_controller",
            "module.eks_cluster.module.ebs_csi_irsa_role.aws_iam_policy.load_balancer_controller",
            "module.eks_cluster.module.ebs_csi_irsa_role.aws_iam_policy.load_balancer_controller_targetgroup_only",
            "module.eks_cluster.module.ebs_csi_irsa_role.aws_iam_policy.node_termination_handler",
            "module.eks_cluster.module.ebs_csi_irsa_role.aws_iam_policy.velero",
            "module.eks_cluster.module.ebs_csi_irsa_role.aws_iam_policy.vpc_cni",
            "module.eks_cluster.module.ebs_csi_irsa_role.aws_iam_role.this",
            "module.eks_cluster.module.ebs_csi_irsa_role.aws_iam_role_policy_attachment.amazon_managed_service_prometheus",
            "module.eks_cluster.module.ebs_csi_irsa_role.aws_iam_role_policy_attachment.appmesh_controller",
            "module.eks_cluster.module.ebs_csi_irsa_role.aws_iam_role_policy_attachment.appmesh_envoy_proxy",
            "module.eks_cluster.module.ebs_csi_irsa_role.aws_iam_role_policy_attachment.aws_gateway_controller",
            "module.eks_cluster.module.ebs_csi_irsa_role.aws_iam_role_policy_attachment.cert_manager",
            "module.eks_cluster.module.ebs_csi_irsa_role.aws_iam_role_policy_attachment.cluster_autoscaler",
            "module.eks_cluster.module.ebs_csi_irsa_role.aws_iam_role_policy_attachment.ebs_csi",
            "module.eks_cluster.module.ebs_csi_irsa_role.aws_iam_role_policy_attachment.efs_csi",
            "module.eks_cluster.module.ebs_csi_irsa_role.aws_iam_role_policy_attachment.external_dns",
            "module.eks_cluster.module.ebs_csi_irsa_role.aws_iam_role_policy_attachment.external_secrets",
            "module.eks_cluster.module.ebs_csi_irsa_role.aws_iam_role_policy_attachment.fsx_lustre_csi",
            "module.eks_cluster.module.ebs_csi_irsa_role.aws_iam_role_policy_attachment.karpenter_controller",
            "module.eks_cluster.module.ebs_csi_irsa_role.aws_iam_role_policy_attachment.load_balancer_controller",
            "module.eks_cluster.module.ebs_csi_irsa_role.aws_iam_role_policy_attachment.load_balancer_controller_targetgroup_only",
            "module.eks_cluster.module.ebs_csi_irsa_role.aws_iam_role_policy_attachment.node_termination_handler",
            "module.eks_cluster.module.ebs_csi_irsa_role.aws_iam_role_policy_attachment.this",
            "module.eks_cluster.module.ebs_csi_irsa_role.aws_iam_role_policy_attachment.velero",
            "module.eks_cluster.module.ebs_csi_irsa_role.aws_iam_role_policy_attachment.vpc_cni",
            "module.eks_cluster.module.ebs_csi_irsa_role.data.aws_caller_identity.current",
            "module.eks_cluster.module.ebs_csi_irsa_role.data.aws_iam_policy_document.amazon_managed_service_prometheus",
            "module.eks_cluster.module.ebs_csi_irsa_role.data.aws_iam_policy_document.appmesh_controller",
            "module.eks_cluster.module.ebs_csi_irsa_role.data.aws_iam_policy_document.appmesh_envoy_proxy",
            "module.eks_cluster.module.ebs_csi_irsa_role.data.aws_iam_policy_document.aws_gateway_controller",
            "module.eks_cluster.module.ebs_csi_irsa_role.data.aws_iam_policy_document.cert_manager",
            "module.eks_cluster.module.ebs_csi_irsa_role.data.aws_iam_policy_document.cluster_autoscaler",
            "module.eks_cluster.module.ebs_csi_irsa_role.data.aws_iam_policy_document.ebs_csi",
            "module.eks_cluster.module.ebs_csi_irsa_role.data.aws_iam_policy_document.efs_csi",
            "module.eks_cluster.module.ebs_csi_irsa_role.data.aws_iam_policy_document.external_dns",
            "module.eks_cluster.module.ebs_csi_irsa_role.data.aws_iam_policy_document.external_secrets",
            "module.eks_cluster.module.ebs_csi_irsa_role.data.aws_iam_policy_document.fsx_lustre_csi",
            "module.eks_cluster.module.ebs_csi_irsa_role.data.aws_iam_policy_document.karpenter_controller",
            "module.eks_cluster.module.ebs_csi_irsa_role.data.aws_iam_policy_document.load_balancer_controller",
            "module.eks_cluster.module.ebs_csi_irsa_role.data.aws_iam_policy_document.load_balancer_controller_targetgroup_only",
            "module.eks_cluster.module.ebs_csi_irsa_role.data.aws_iam_policy_document.node_termination_handler",
            "module.eks_cluster.module.ebs_csi_irsa_role.data.aws_iam_policy_document.this",
            "module.eks_cluster.module.ebs_csi_irsa_role.data.aws_iam_policy_document.velero",
            "module.eks_cluster.module.ebs_csi_irsa_role.data.aws_iam_policy_document.vpc_cni",
            "module.eks_cluster.module.ebs_csi_irsa_role.data.aws_partition.current",
            "module.eks_cluster.module.ebs_csi_irsa_role.data.aws_region.current",
            "module.eks_cluster.module.eks.aws_cloudwatch_log_group.this",
            "module.eks_cluster.module.eks.aws_ec2_tag.cluster_primary_security_group",
            "module.eks_cluster.module.eks.aws_eks_addon.before_compute",
            "module.eks_cluster.module.eks.aws_eks_addon.this",
            "module.eks_cluster.module.eks.aws_eks_cluster.this",
            "module.eks_cluster.module.eks.aws_eks_identity_provider_config.this",
            "module.eks_cluster.module.eks.aws_iam_openid_connect_provider.oidc_provider",
            "module.eks_cluster.module.eks.aws_iam_policy.cluster_encryption",
            "module.eks_cluster.module.eks.aws_iam_policy.cni_ipv6_policy",
            "module.eks_cluster.module.eks.aws_iam_role.this",
            "module.eks_cluster.module.eks.aws_iam_role_policy_attachment.additional",
            "module.eks_cluster.module.eks.aws_iam_role_policy_attachment.cluster_encryption",
            "module.eks_cluster.module.eks.aws_iam_role_policy_attachment.this",
            "module.eks_cluster.module.eks.aws_security_group.cluster",
            "module.eks_cluster.module.eks.aws_security_group.node",
            "module.eks_cluster.module.eks.aws_security_group_rule.cluster",
            "module.eks_cluster.module.eks.aws_security_group_rule.node",
            "module.eks_cluster.module.eks.data.aws_caller_identity.current",
            "module.eks_cluster.module.eks.data.aws_eks_addon_version.this",
            "module.eks_cluster.module.eks.data.aws_iam_policy_document.assume_role_policy",
            "module.eks_cluster.module.eks.data.aws_iam_policy_document.cni_ipv6_policy",
            "module.eks_cluster.module.eks.data.aws_iam_session_context.current",
            "module.eks_cluster.module.eks.data.aws_partition.current",
            "module.eks_cluster.module.eks.data.tls_certificate.this",
            "module.eks_cluster.module.eks.kubernetes_config_map.aws_auth",
            "module.eks_cluster.module.eks.kubernetes_config_map_v1_data.aws_auth",
            "module.eks_cluster.module.eks.module.eks_managed_node_group.aws_autoscaling_schedule.this",
            "module.eks_cluster.module.eks.module.eks_managed_node_group.aws_eks_node_group.this",
            "module.eks_cluster.module.eks.module.eks_managed_node_group.aws_iam_role.this",
            "module.eks_cluster.module.eks.module.eks_managed_node_group.aws_iam_role_policy_attachment.additional",
            "module.eks_cluster.module.eks.module.eks_managed_node_group.aws_iam_role_policy_attachment.this",
            "module.eks_cluster.module.eks.module.eks_managed_node_group.aws_launch_template.this",
            "module.eks_cluster.module.eks.module.eks_managed_node_group.data.aws_caller_identity.current",
            "module.eks_cluster.module.eks.module.eks_managed_node_group.data.aws_iam_policy_document.assume_role_policy",
            "module.eks_cluster.module.eks.module.eks_managed_node_group.data.aws_partition.current",
            "module.eks_cluster.module.eks.module.eks_managed_node_group.module.user_data.data.cloudinit_config.linux_eks_managed_node_group",
            "module.eks_cluster.module.eks.module.fargate_profile.aws_eks_fargate_profile.this",
            "module.eks_cluster.module.eks.module.fargate_profile.aws_iam_role.this",
            "module.eks_cluster.module.eks.module.fargate_profile.aws_iam_role_policy_attachment.additional",
            "module.eks_cluster.module.eks.module.fargate_profile.aws_iam_role_policy_attachment.this",
            "module.eks_cluster.module.eks.module.fargate_profile.data.aws_caller_identity.current",
            "module.eks_cluster.module.eks.module.fargate_profile.data.aws_iam_policy_document.assume_role_policy",
            "module.eks_cluster.module.eks.module.fargate_profile.data.aws_partition.current",
            "module.eks_cluster.module.eks.module.kms.aws_kms_alias.this",
            "module.eks_cluster.module.eks.module.kms.aws_kms_external_key.this",
            "module.eks_cluster.module.eks.module.kms.aws_kms_grant.this",
            "module.eks_cluster.module.eks.module.kms.aws_kms_key.this",
            "module.eks_cluster.module.eks.module.kms.data.aws_caller_identity.current",
            "module.eks_cluster.module.eks.module.kms.data.aws_iam_policy_document.this",
            "module.eks_cluster.module.eks.module.kms.data.aws_partition.current",
            "module.eks_cluster.module.eks.module.self_managed_node_group.aws_autoscaling_group.this",
            "module.eks_cluster.module.eks.module.self_managed_node_group.aws_autoscaling_schedule.this",
            "module.eks_cluster.module.eks.module.self_managed_node_group.aws_iam_instance_profile.this",
            "module.eks_cluster.module.eks.module.self_managed_node_group.aws_iam_role.this",
            "module.eks_cluster.module.eks.module.self_managed_node_group.aws_iam_role_policy_attachment.additional",
            "module.eks_cluster.module.eks.module.self_managed_node_group.aws_iam_role_policy_attachment.this",
            "module.eks_cluster.module.eks.module.self_managed_node_group.aws_launch_template.this",
            "module.eks_cluster.module.eks.module.self_managed_node_group.data.aws_ami.eks_default",
            "module.eks_cluster.module.eks.module.self_managed_node_group.data.aws_caller_identity.current",
            "module.eks_cluster.module.eks.module.self_managed_node_group.data.aws_iam_policy_document.assume_role_policy",
            "module.eks_cluster.module.eks.module.self_managed_node_group.data.aws_partition.current",
            "module.eks_cluster.module.eks.module.self_managed_node_group.module.user_data.data.cloudinit_config.linux_eks_managed_node_group",
            "module.eks_cluster.module.eks.time_sleep.this"
          ]
        }
      ]
    },
    {
      "module": "module.eks_cluster",
      "mode": "data",
      "type": "aws_availability_zones",
      "name": "available",
      "provider": "provider[\"registry.terraform.io/hashicorp/aws\"]",
      "instances": [
        {
          "schema_version": 0,
          "attributes": {
            "all_availability_zones": null,
            "exclude_names": null,
            "exclude_zone_ids": null,
            "filter": null,
            "group_names": [
              "ap-south-1"
            ],
            "id": "ap-south-1",
            "names": [
              "ap-south-1a",
              "ap-south-1b",
              "ap-south-1c"
            ],
            "state": null,
            "timeouts": null,
            "zone_ids": [
              "aps1-az1",
              "aps1-az3",
              "aps1-az2"
            ]
          },
          "sensitive_attributes": []
        }
      ]
    },
    {
      "module": "module.eks_cluster",
      "mode": "data",
      "type": "aws_instances",
      "name": "my_worker_nodes",
      "provider": "provider[\"registry.terraform.io/hashicorp/aws\"]",
      "instances": [
        {
          "schema_version": 0,
          "attributes": {
            "filter": null,
            "id": "ap-south-1",
            "ids": [
              "i-0f096d2a95f43eb6d",
              "i-0c91d11177250b5ba",
              "i-0d9f601a6062d17b3"
            ],
            "instance_state_names": [
              "running"
            ],
            "instance_tags": {
              "eks:cluster-name": "confluent-cluster"
            },
            "ipv6_addresses": [],
            "private_ips": [
              "10.0.3.205",
              "10.0.1.9",
              "10.0.2.60"
            ],
            "public_ips": [],
            "timeouts": null
          },
          "sensitive_attributes": []
        }
      ]
    },
    {
      "module": "module.eks_cluster",
      "mode": "data",
      "type": "aws_subnets",
      "name": "private_subnets",
      "provider": "provider[\"registry.terraform.io/hashicorp/aws\"]",
      "instances": [
        {
          "schema_version": 0,
          "attributes": {
            "filter": [
              {
                "name": "tag:Name",
                "values": [
                  "*private*"
                ]
              },
              {
                "name": "vpc-id",
                "values": [
                  "vpc-0f851beb2ba287c51"
                ]
              }
            ],
            "id": "ap-south-1",
            "ids": [
              "subnet-073a5d0b35e22e05d",
              "subnet-03ce94c2a2af0a2aa",
              "subnet-072b3186da6c8e27d"
            ],
            "tags": null,
            "timeouts": null
          },
          "sensitive_attributes": []
        }
      ]
    },
    {
      "module": "module.eks_cluster.module.ebs_csi_irsa_role",
      "mode": "data",
      "type": "aws_caller_identity",
      "name": "current",
      "provider": "provider[\"registry.terraform.io/hashicorp/aws\"]",
      "instances": [
        {
          "schema_version": 0,
          "attributes": {
            "account_id": "998516096174",
            "arn": "arn:aws:iam::998516096174:user/svc-terraform",
            "id": "998516096174",
            "user_id": "AIDA6Q7BSPSXNVRO46LMO"
          },
          "sensitive_attributes": []
        }
      ]
    },
    {
      "module": "module.eks_cluster.module.ebs_csi_irsa_role",
      "mode": "data",
      "type": "aws_iam_policy_document",
      "name": "ebs_csi",
      "provider": "provider[\"registry.terraform.io/hashicorp/aws\"]",
      "instances": [
        {
          "index_key": 0,
          "schema_version": 0,
          "attributes": {
            "id": "932695789",
            "json": "{\n  \"Version\": \"2012-10-17\",\n  \"Statement\": [\n    {\n      \"Effect\": \"Allow\",\n      \"Action\": [\n        \"ec2:ModifyVolume\",\n        \"ec2:DetachVolume\",\n        \"ec2:DescribeVolumesModifications\",\n        \"ec2:DescribeVolumes\",\n        \"ec2:DescribeTags\",\n        \"ec2:DescribeSnapshots\",\n        \"ec2:DescribeInstances\",\n        \"ec2:DescribeAvailabilityZones\",\n        \"ec2:CreateSnapshot\",\n        \"ec2:AttachVolume\"\n      ],\n      \"Resource\": \"*\"\n    },\n    {\n      \"Effect\": \"Allow\",\n      \"Action\": \"ec2:CreateTags\",\n      \"Resource\": [\n        \"arn:aws:ec2:*:*:volume/*\",\n        \"arn:aws:ec2:*:*:snapshot/*\"\n      ],\n      \"Condition\": {\n        \"StringEquals\": {\n          \"ec2:CreateAction\": [\n            \"CreateVolume\",\n            \"CreateSnapshot\"\n          ]\n        }\n      }\n    },\n    {\n      \"Effect\": \"Allow\",\n      \"Action\": \"ec2:DeleteTags\",\n      \"Resource\": [\n        \"arn:aws:ec2:*:*:volume/*\",\n        \"arn:aws:ec2:*:*:snapshot/*\"\n      ]\n    },\n    {\n      \"Effect\": \"Allow\",\n      \"Action\": \"ec2:CreateVolume\",\n      \"Resource\": \"*\",\n      \"Condition\": {\n        \"StringLike\": {\n          \"aws:RequestTag/ebs.csi.aws.com/cluster\": \"true\"\n        }\n      }\n    },\n    {\n      \"Effect\": \"Allow\",\n      \"Action\": \"ec2:CreateVolume\",\n      \"Resource\": \"*\",\n      \"Condition\": {\n        \"StringLike\": {\n          \"aws:RequestTag/CSIVolumeName\": \"*\"\n        }\n      }\n    },\n    {\n      \"Effect\": \"Allow\",\n      \"Action\": \"ec2:CreateVolume\",\n      \"Resource\": \"*\",\n      \"Condition\": {\n        \"StringLike\": {\n          \"aws:RequestTag/kubernetes.io/cluster/*\": \"owned\"\n        }\n      }\n    },\n    {\n      \"Effect\": \"Allow\",\n      \"Action\": \"ec2:DeleteVolume\",\n      \"Resource\": \"*\",\n      \"Condition\": {\n        \"StringLike\": {\n          \"ec2:ResourceTag/ebs.csi.aws.com/cluster\": \"true\"\n        }\n      }\n    },\n    {\n      \"Effect\": \"Allow\",\n      \"Action\": \"ec2:DeleteVolume\",\n      \"Resource\": \"*\",\n      \"Condition\": {\n        \"StringLike\": {\n          \"ec2:ResourceTag/CSIVolumeName\": \"*\"\n        }\n      }\n    },\n    {\n      \"Effect\": \"Allow\",\n      \"Action\": \"ec2:DeleteVolume\",\n      \"Resource\": \"*\",\n      \"Condition\": {\n        \"StringLike\": {\n          \"ec2:ResourceTag/kubernetes.io/cluster/*\": \"owned\"\n        }\n      }\n    },\n    {\n      \"Effect\": \"Allow\",\n      \"Action\": \"ec2:DeleteVolume\",\n      \"Resource\": \"*\",\n      \"Condition\": {\n        \"StringLike\": {\n          \"ec2:ResourceTag/kubernetes.io/created-for/pvc/name\": \"*\"\n        }\n      }\n    },\n    {\n      \"Effect\": \"Allow\",\n      \"Action\": \"ec2:DeleteSnapshot\",\n      \"Resource\": \"*\",\n      \"Condition\": {\n        \"StringLike\": {\n          \"ec2:ResourceTag/CSIVolumeSnapshotName\": \"*\"\n        }\n      }\n    },\n    {\n      \"Effect\": \"Allow\",\n      \"Action\": \"ec2:DeleteSnapshot\",\n      \"Resource\": \"*\",\n      \"Condition\": {\n        \"StringLike\": {\n          \"ec2:ResourceTag/ebs.csi.aws.com/cluster\": \"true\"\n        }\n      }\n    }\n  ]\n}",
            "override_policy_documents": null,
            "policy_id": null,
            "source_policy_documents": null,
            "statement": [
              {
                "actions": [
                  "ec2:AttachVolume",
                  "ec2:CreateSnapshot",
                  "ec2:DescribeAvailabilityZones",
                  "ec2:DescribeInstances",
                  "ec2:DescribeSnapshots",
                  "ec2:DescribeTags",
                  "ec2:DescribeVolumes",
                  "ec2:DescribeVolumesModifications",
                  "ec2:DetachVolume",
                  "ec2:ModifyVolume"
                ],
                "condition": [],
                "effect": "Allow",
                "not_actions": [],
                "not_principals": [],
                "not_resources": [],
                "principals": [],
                "resources": [
                  "*"
                ],
                "sid": ""
              },
              {
                "actions": [
                  "ec2:CreateTags"
                ],
                "condition": [
                  {
                    "test": "StringEquals",
                    "values": [
                      "CreateVolume",
                      "CreateSnapshot"
                    ],
                    "variable": "ec2:CreateAction"
                  }
                ],
                "effect": "Allow",
                "not_actions": [],
                "not_principals": [],
                "not_resources": [],
                "principals": [],
                "resources": [
                  "arn:aws:ec2:*:*:snapshot/*",
                  "arn:aws:ec2:*:*:volume/*"
                ],
                "sid": ""
              },
              {
                "actions": [
                  "ec2:DeleteTags"
                ],
                "condition": [],
                "effect": "Allow",
                "not_actions": [],
                "not_principals": [],
                "not_resources": [],
                "principals": [],
                "resources": [
                  "arn:aws:ec2:*:*:snapshot/*",
                  "arn:aws:ec2:*:*:volume/*"
                ],
                "sid": ""
              },
              {
                "actions": [
                  "ec2:CreateVolume"
                ],
                "condition": [
                  {
                    "test": "StringLike",
                    "values": [
                      "true"
                    ],
                    "variable": "aws:RequestTag/ebs.csi.aws.com/cluster"
                  }
                ],
                "effect": "Allow",
                "not_actions": [],
                "not_principals": [],
                "not_resources": [],
                "principals": [],
                "resources": [
                  "*"
                ],
                "sid": ""
              },
              {
                "actions": [
                  "ec2:CreateVolume"
                ],
                "condition": [
                  {
                    "test": "StringLike",
                    "values": [
                      "*"
                    ],
                    "variable": "aws:RequestTag/CSIVolumeName"
                  }
                ],
                "effect": "Allow",
                "not_actions": [],
                "not_principals": [],
                "not_resources": [],
                "principals": [],
                "resources": [
                  "*"
                ],
                "sid": ""
              },
              {
                "actions": [
                  "ec2:CreateVolume"
                ],
                "condition": [
                  {
                    "test": "StringLike",
                    "values": [
                      "owned"
                    ],
                    "variable": "aws:RequestTag/kubernetes.io/cluster/*"
                  }
                ],
                "effect": "Allow",
                "not_actions": [],
                "not_principals": [],
                "not_resources": [],
                "principals": [],
                "resources": [
                  "*"
                ],
                "sid": ""
              },
              {
                "actions": [
                  "ec2:DeleteVolume"
                ],
                "condition": [
                  {
                    "test": "StringLike",
                    "values": [
                      "true"
                    ],
                    "variable": "ec2:ResourceTag/ebs.csi.aws.com/cluster"
                  }
                ],
                "effect": "Allow",
                "not_actions": [],
                "not_principals": [],
                "not_resources": [],
                "principals": [],
                "resources": [
                  "*"
                ],
                "sid": ""
              },
              {
                "actions": [
                  "ec2:DeleteVolume"
                ],
                "condition": [
                  {
                    "test": "StringLike",
                    "values": [
                      "*"
                    ],
                    "variable": "ec2:ResourceTag/CSIVolumeName"
                  }
                ],
                "effect": "Allow",
                "not_actions": [],
                "not_principals": [],
                "not_resources": [],
                "principals": [],
                "resources": [
                  "*"
                ],
                "sid": ""
              },
              {
                "actions": [
                  "ec2:DeleteVolume"
                ],
                "condition": [
                  {
                    "test": "StringLike",
                    "values": [
                      "owned"
                    ],
                    "variable": "ec2:ResourceTag/kubernetes.io/cluster/*"
                  }
                ],
                "effect": "Allow",
                "not_actions": [],
                "not_principals": [],
                "not_resources": [],
                "principals": [],
                "resources": [
                  "*"
                ],
                "sid": ""
              },
              {
                "actions": [
                  "ec2:DeleteVolume"
                ],
                "condition": [
                  {
                    "test": "StringLike",
                    "values": [
                      "*"
                    ],
                    "variable": "ec2:ResourceTag/kubernetes.io/created-for/pvc/name"
                  }
                ],
                "effect": "Allow",
                "not_actions": [],
                "not_principals": [],
                "not_resources": [],
                "principals": [],
                "resources": [
                  "*"
                ],
                "sid": ""
              },
              {
                "actions": [
                  "ec2:DeleteSnapshot"
                ],
                "condition": [
                  {
                    "test": "StringLike",
                    "values": [
                      "*"
                    ],
                    "variable": "ec2:ResourceTag/CSIVolumeSnapshotName"
                  }
                ],
                "effect": "Allow",
                "not_actions": [],
                "not_principals": [],
                "not_resources": [],
                "principals": [],
                "resources": [
                  "*"
                ],
                "sid": ""
              },
              {
                "actions": [
                  "ec2:DeleteSnapshot"
                ],
                "condition": [
                  {
                    "test": "StringLike",
                    "values": [
                      "true"
                    ],
                    "variable": "ec2:ResourceTag/ebs.csi.aws.com/cluster"
                  }
                ],
                "effect": "Allow",
                "not_actions": [],
                "not_principals": [],
                "not_resources": [],
                "principals": [],
                "resources": [
                  "*"
                ],
                "sid": ""
              }
            ],
            "version": "2012-10-17"
          },
          "sensitive_attributes": []
        }
      ]
    },
    {
      "module": "module.eks_cluster.module.ebs_csi_irsa_role",
      "mode": "data",
      "type": "aws_iam_policy_document",
      "name": "this",
      "provider": "provider[\"registry.terraform.io/hashicorp/aws\"]",
      "instances": [
        {
          "index_key": 0,
          "schema_version": 0,
          "attributes": {
            "id": "2994782832",
            "json": "{\n  \"Version\": \"2012-10-17\",\n  \"Statement\": [\n    {\n      \"Effect\": \"Allow\",\n      \"Action\": \"sts:AssumeRoleWithWebIdentity\",\n      \"Principal\": {\n        \"Federated\": \"arn:aws:iam::998516096174:oidc-provider/oidc.eks.ap-south-1.amazonaws.com/id/FE8214234B539E4DBE27930A9839B468\"\n      },\n      \"Condition\": {\n        \"StringEquals\": {\n          \"oidc.eks.ap-south-1.amazonaws.com/id/FE8214234B539E4DBE27930A9839B468:aud\": \"sts.amazonaws.com\",\n          \"oidc.eks.ap-south-1.amazonaws.com/id/FE8214234B539E4DBE27930A9839B468:sub\": \"system:serviceaccount:kube-system:ebs-csi-controller-sa\"\n        }\n      }\n    }\n  ]\n}",
            "override_policy_documents": null,
            "policy_id": null,
            "source_policy_documents": null,
            "statement": [
              {
                "actions": [
                  "sts:AssumeRoleWithWebIdentity"
                ],
                "condition": [
                  {
                    "test": "StringEquals",
                    "values": [
                      "sts.amazonaws.com"
                    ],
                    "variable": "oidc.eks.ap-south-1.amazonaws.com/id/FE8214234B539E4DBE27930A9839B468:aud"
                  },
                  {
                    "test": "StringEquals",
                    "values": [
                      "system:serviceaccount:kube-system:ebs-csi-controller-sa"
                    ],
                    "variable": "oidc.eks.ap-south-1.amazonaws.com/id/FE8214234B539E4DBE27930A9839B468:sub"
                  }
                ],
                "effect": "Allow",
                "not_actions": [],
                "not_principals": [],
                "not_resources": [],
                "principals": [
                  {
                    "identifiers": [
                      "arn:aws:iam::998516096174:oidc-provider/oidc.eks.ap-south-1.amazonaws.com/id/FE8214234B539E4DBE27930A9839B468"
                    ],
                    "type": "Federated"
                  }
                ],
                "resources": [],
                "sid": ""
              }
            ],
            "version": "2012-10-17"
          },
          "sensitive_attributes": []
        }
      ]
    },
    {
      "module": "module.eks_cluster.module.ebs_csi_irsa_role",
      "mode": "data",
      "type": "aws_partition",
      "name": "current",
      "provider": "provider[\"registry.terraform.io/hashicorp/aws\"]",
      "instances": [
        {
          "schema_version": 0,
          "attributes": {
            "dns_suffix": "amazonaws.com",
            "id": "aws",
            "partition": "aws",
            "reverse_dns_prefix": "com.amazonaws"
          },
          "sensitive_attributes": []
        }
      ]
    },
    {
      "module": "module.eks_cluster.module.ebs_csi_irsa_role",
      "mode": "data",
      "type": "aws_region",
      "name": "current",
      "provider": "provider[\"registry.terraform.io/hashicorp/aws\"]",
      "instances": [
        {
          "schema_version": 0,
          "attributes": {
            "description": "Asia Pacific (Mumbai)",
            "endpoint": "ec2.ap-south-1.amazonaws.com",
            "id": "ap-south-1",
            "name": "ap-south-1"
          },
          "sensitive_attributes": []
        }
      ]
    },
    {
      "module": "module.eks_cluster.module.ebs_csi_irsa_role",
      "mode": "managed",
      "type": "aws_iam_policy",
      "name": "ebs_csi",
      "provider": "provider[\"registry.terraform.io/hashicorp/aws\"]",
      "instances": [
        {
          "index_key": 0,
          "schema_version": 0,
          "attributes": {
            "arn": "arn:aws:iam::998516096174:policy/AmazonEKS_EBS_CSI_Policy-20230707150826766000000006",
            "description": "Provides permissions to manage EBS volumes via the container storage interface driver",
            "id": "arn:aws:iam::998516096174:policy/AmazonEKS_EBS_CSI_Policy-20230707150826766000000006",
            "name": "AmazonEKS_EBS_CSI_Policy-20230707150826766000000006",
            "name_prefix": "AmazonEKS_EBS_CSI_Policy-",
            "path": "/",
            "policy": "{\"Statement\":[{\"Action\":[\"ec2:ModifyVolume\",\"ec2:DetachVolume\",\"ec2:DescribeVolumesModifications\",\"ec2:DescribeVolumes\",\"ec2:DescribeTags\",\"ec2:DescribeSnapshots\",\"ec2:DescribeInstances\",\"ec2:DescribeAvailabilityZones\",\"ec2:CreateSnapshot\",\"ec2:AttachVolume\"],\"Effect\":\"Allow\",\"Resource\":\"*\"},{\"Action\":\"ec2:CreateTags\",\"Condition\":{\"StringEquals\":{\"ec2:CreateAction\":[\"CreateVolume\",\"CreateSnapshot\"]}},\"Effect\":\"Allow\",\"Resource\":[\"arn:aws:ec2:*:*:volume/*\",\"arn:aws:ec2:*:*:snapshot/*\"]},{\"Action\":\"ec2:DeleteTags\",\"Effect\":\"Allow\",\"Resource\":[\"arn:aws:ec2:*:*:volume/*\",\"arn:aws:ec2:*:*:snapshot/*\"]},{\"Action\":\"ec2:CreateVolume\",\"Condition\":{\"StringLike\":{\"aws:RequestTag/ebs.csi.aws.com/cluster\":\"true\"}},\"Effect\":\"Allow\",\"Resource\":\"*\"},{\"Action\":\"ec2:CreateVolume\",\"Condition\":{\"StringLike\":{\"aws:RequestTag/CSIVolumeName\":\"*\"}},\"Effect\":\"Allow\",\"Resource\":\"*\"},{\"Action\":\"ec2:CreateVolume\",\"Condition\":{\"StringLike\":{\"aws:RequestTag/kubernetes.io/cluster/*\":\"owned\"}},\"Effect\":\"Allow\",\"Resource\":\"*\"},{\"Action\":\"ec2:DeleteVolume\",\"Condition\":{\"StringLike\":{\"ec2:ResourceTag/ebs.csi.aws.com/cluster\":\"true\"}},\"Effect\":\"Allow\",\"Resource\":\"*\"},{\"Action\":\"ec2:DeleteVolume\",\"Condition\":{\"StringLike\":{\"ec2:ResourceTag/CSIVolumeName\":\"*\"}},\"Effect\":\"Allow\",\"Resource\":\"*\"},{\"Action\":\"ec2:DeleteVolume\",\"Condition\":{\"StringLike\":{\"ec2:ResourceTag/kubernetes.io/cluster/*\":\"owned\"}},\"Effect\":\"Allow\",\"Resource\":\"*\"},{\"Action\":\"ec2:DeleteVolume\",\"Condition\":{\"StringLike\":{\"ec2:ResourceTag/kubernetes.io/created-for/pvc/name\":\"*\"}},\"Effect\":\"Allow\",\"Resource\":\"*\"},{\"Action\":\"ec2:DeleteSnapshot\",\"Condition\":{\"StringLike\":{\"ec2:ResourceTag/CSIVolumeSnapshotName\":\"*\"}},\"Effect\":\"Allow\",\"Resource\":\"*\"},{\"Action\":\"ec2:DeleteSnapshot\",\"Condition\":{\"StringLike\":{\"ec2:ResourceTag/ebs.csi.aws.com/cluster\":\"true\"}},\"Effect\":\"Allow\",\"Resource\":\"*\"}],\"Version\":\"2012-10-17\"}",
            "policy_id": "ANPA6Q7BSPSXFJNVC2UGE",
            "tags": {},
            "tags_all": {}
          },
          "sensitive_attributes": [],
          "private": "bnVsbA==",
          "dependencies": [
            "module.eks_cluster.module.ebs_csi_irsa_role.data.aws_iam_policy_document.ebs_csi",
            "module.eks_cluster.module.ebs_csi_irsa_role.data.aws_partition.current"
          ]
        }
      ]
    },
    {
      "module": "module.eks_cluster.module.ebs_csi_irsa_role",
      "mode": "managed",
      "type": "aws_iam_role",
      "name": "this",
      "provider": "provider[\"registry.terraform.io/hashicorp/aws\"]",
      "instances": [
        {
          "index_key": 0,
          "schema_version": 0,
          "attributes": {
            "arn": "arn:aws:iam::998516096174:role/ebs-csi-confluent-cluster-role",
            "assume_role_policy": "{\"Statement\":[{\"Action\":\"sts:AssumeRoleWithWebIdentity\",\"Condition\":{\"StringEquals\":{\"oidc.eks.ap-south-1.amazonaws.com/id/FE8214234B539E4DBE27930A9839B468:aud\":\"sts.amazonaws.com\",\"oidc.eks.ap-south-1.amazonaws.com/id/FE8214234B539E4DBE27930A9839B468:sub\":\"system:serviceaccount:kube-system:ebs-csi-controller-sa\"}},\"Effect\":\"Allow\",\"Principal\":{\"Federated\":\"arn:aws:iam::998516096174:oidc-provider/oidc.eks.ap-south-1.amazonaws.com/id/FE8214234B539E4DBE27930A9839B468\"}}],\"Version\":\"2012-10-17\"}",
            "create_date": "2023-07-07T15:17:02Z",
            "description": "",
            "force_detach_policies": true,
            "id": "ebs-csi-confluent-cluster-role",
            "inline_policy": [],
            "managed_policy_arns": [
              "arn:aws:iam::998516096174:policy/AmazonEKS_EBS_CSI_Policy-20230707150826766000000006"
            ],
            "max_session_duration": 3600,
            "name": "ebs-csi-confluent-cluster-role",
            "name_prefix": "",
            "path": "/",
            "permissions_boundary": null,
            "tags": {},
            "tags_all": {},
            "unique_id": "AROA6Q7BSPSXGAVRJPPSK"
          },
          "sensitive_attributes": [],
          "private": "bnVsbA==",
          "dependencies": [
            "module.eks_cluster.data.aws_subnets.private_subnets",
            "module.eks_cluster.module.ebs_csi_irsa_role.data.aws_caller_identity.current",
            "module.eks_cluster.module.ebs_csi_irsa_role.data.aws_iam_policy_document.this",
            "module.eks_cluster.module.ebs_csi_irsa_role.data.aws_partition.current",
            "module.eks_cluster.module.eks.aws_cloudwatch_log_group.this",
            "module.eks_cluster.module.eks.aws_eks_cluster.this",
            "module.eks_cluster.module.eks.aws_iam_openid_connect_provider.oidc_provider",
            "module.eks_cluster.module.eks.aws_iam_policy.cni_ipv6_policy",
            "module.eks_cluster.module.eks.aws_iam_role.this",
            "module.eks_cluster.module.eks.aws_iam_role_policy_attachment.this",
            "module.eks_cluster.module.eks.aws_security_group.cluster",
            "module.eks_cluster.module.eks.aws_security_group.node",
            "module.eks_cluster.module.eks.aws_security_group_rule.cluster",
            "module.eks_cluster.module.eks.aws_security_group_rule.node",
            "module.eks_cluster.module.eks.data.aws_caller_identity.current",
            "module.eks_cluster.module.eks.data.aws_iam_policy_document.assume_role_policy",
            "module.eks_cluster.module.eks.data.aws_iam_policy_document.cni_ipv6_policy",
            "module.eks_cluster.module.eks.data.aws_iam_session_context.current",
            "module.eks_cluster.module.eks.data.aws_partition.current",
            "module.eks_cluster.module.eks.data.tls_certificate.this",
            "module.eks_cluster.module.eks.module.kms.aws_kms_external_key.this",
            "module.eks_cluster.module.eks.module.kms.aws_kms_key.this",
            "module.eks_cluster.module.eks.module.kms.data.aws_caller_identity.current",
            "module.eks_cluster.module.eks.module.kms.data.aws_iam_policy_document.this",
            "module.eks_cluster.module.eks.module.kms.data.aws_partition.current"
          ]
        }
      ]
    },
    {
      "module": "module.eks_cluster.module.ebs_csi_irsa_role",
      "mode": "managed",
      "type": "aws_iam_role_policy_attachment",
      "name": "ebs_csi",
      "provider": "provider[\"registry.terraform.io/hashicorp/aws\"]",
      "instances": [
        {
          "index_key": 0,
          "schema_version": 0,
          "attributes": {
            "id": "ebs-csi-confluent-cluster-role-20230707151704631000000010",
            "policy_arn": "arn:aws:iam::998516096174:policy/AmazonEKS_EBS_CSI_Policy-20230707150826766000000006",
            "role": "ebs-csi-confluent-cluster-role"
          },
          "sensitive_attributes": [],
          "private": "bnVsbA==",
          "dependencies": [
            "module.eks_cluster.data.aws_subnets.private_subnets",
            "module.eks_cluster.module.ebs_csi_irsa_role.aws_iam_policy.ebs_csi",
            "module.eks_cluster.module.ebs_csi_irsa_role.aws_iam_role.this",
            "module.eks_cluster.module.ebs_csi_irsa_role.data.aws_caller_identity.current",
            "module.eks_cluster.module.ebs_csi_irsa_role.data.aws_iam_policy_document.ebs_csi",
            "module.eks_cluster.module.ebs_csi_irsa_role.data.aws_iam_policy_document.this",
            "module.eks_cluster.module.ebs_csi_irsa_role.data.aws_partition.current",
            "module.eks_cluster.module.eks.aws_cloudwatch_log_group.this",
            "module.eks_cluster.module.eks.aws_eks_cluster.this",
            "module.eks_cluster.module.eks.aws_iam_openid_connect_provider.oidc_provider",
            "module.eks_cluster.module.eks.aws_iam_policy.cni_ipv6_policy",
            "module.eks_cluster.module.eks.aws_iam_role.this",
            "module.eks_cluster.module.eks.aws_iam_role_policy_attachment.this",
            "module.eks_cluster.module.eks.aws_security_group.cluster",
            "module.eks_cluster.module.eks.aws_security_group.node",
            "module.eks_cluster.module.eks.aws_security_group_rule.cluster",
            "module.eks_cluster.module.eks.aws_security_group_rule.node",
            "module.eks_cluster.module.eks.data.aws_caller_identity.current",
            "module.eks_cluster.module.eks.data.aws_iam_policy_document.assume_role_policy",
            "module.eks_cluster.module.eks.data.aws_iam_policy_document.cni_ipv6_policy",
            "module.eks_cluster.module.eks.data.aws_iam_session_context.current",
            "module.eks_cluster.module.eks.data.aws_partition.current",
            "module.eks_cluster.module.eks.data.tls_certificate.this",
            "module.eks_cluster.module.eks.module.kms.aws_kms_external_key.this",
            "module.eks_cluster.module.eks.module.kms.aws_kms_key.this",
            "module.eks_cluster.module.eks.module.kms.data.aws_caller_identity.current",
            "module.eks_cluster.module.eks.module.kms.data.aws_iam_policy_document.this",
            "module.eks_cluster.module.eks.module.kms.data.aws_partition.current"
          ]
        }
      ]
    },
    {
      "module": "module.eks_cluster.module.eks",
      "mode": "data",
      "type": "aws_caller_identity",
      "name": "current",
      "provider": "provider[\"registry.terraform.io/hashicorp/aws\"]",
      "instances": [
        {
          "schema_version": 0,
          "attributes": {
            "account_id": "998516096174",
            "arn": "arn:aws:iam::998516096174:user/svc-terraform",
            "id": "998516096174",
            "user_id": "AIDA6Q7BSPSXNVRO46LMO"
          },
          "sensitive_attributes": []
        }
      ]
    },
    {
      "module": "module.eks_cluster.module.eks",
      "mode": "data",
      "type": "aws_eks_addon_version",
      "name": "this",
      "provider": "provider[\"registry.terraform.io/hashicorp/aws\"]",
      "instances": [
        {
          "index_key": "aws-ebs-csi-driver",
          "schema_version": 0,
          "attributes": {
            "addon_name": "aws-ebs-csi-driver",
            "id": "aws-ebs-csi-driver",
            "kubernetes_version": "1.27",
            "most_recent": false,
            "version": "v1.20.0-eksbuild.1"
          },
          "sensitive_attributes": []
        }
      ]
    },
    {
      "module": "module.eks_cluster.module.eks",
      "mode": "data",
      "type": "aws_iam_policy_document",
      "name": "assume_role_policy",
      "provider": "provider[\"registry.terraform.io/hashicorp/aws\"]",
      "instances": [
        {
          "index_key": 0,
          "schema_version": 0,
          "attributes": {
            "id": "2764486067",
            "json": "{\n  \"Version\": \"2012-10-17\",\n  \"Statement\": [\n    {\n      \"Sid\": \"EKSClusterAssumeRole\",\n      \"Effect\": \"Allow\",\n      \"Action\": \"sts:AssumeRole\",\n      \"Principal\": {\n        \"Service\": \"eks.amazonaws.com\"\n      }\n    }\n  ]\n}",
            "override_policy_documents": null,
            "policy_id": null,
            "source_policy_documents": null,
            "statement": [
              {
                "actions": [
                  "sts:AssumeRole"
                ],
                "condition": [],
                "effect": "Allow",
                "not_actions": [],
                "not_principals": [],
                "not_resources": [],
                "principals": [
                  {
                    "identifiers": [
                      "eks.amazonaws.com"
                    ],
                    "type": "Service"
                  }
                ],
                "resources": [],
                "sid": "EKSClusterAssumeRole"
              }
            ],
            "version": "2012-10-17"
          },
          "sensitive_attributes": []
        }
      ]
    },
    {
      "module": "module.eks_cluster.module.eks",
      "mode": "data",
      "type": "aws_iam_session_context",
      "name": "current",
      "provider": "provider[\"registry.terraform.io/hashicorp/aws\"]",
      "instances": [
        {
          "schema_version": 0,
          "attributes": {
            "arn": "arn:aws:iam::998516096174:user/svc-terraform",
            "id": "arn:aws:iam::998516096174:user/svc-terraform",
            "issuer_arn": "arn:aws:iam::998516096174:user/svc-terraform",
            "issuer_id": "",
            "issuer_name": "",
            "session_name": ""
          },
          "sensitive_attributes": []
        }
      ]
    },
    {
      "module": "module.eks_cluster.module.eks",
      "mode": "data",
      "type": "aws_partition",
      "name": "current",
      "provider": "provider[\"registry.terraform.io/hashicorp/aws\"]",
      "instances": [
        {
          "schema_version": 0,
          "attributes": {
            "dns_suffix": "amazonaws.com",
            "id": "aws",
            "partition": "aws",
            "reverse_dns_prefix": "com.amazonaws"
          },
          "sensitive_attributes": []
        }
      ]
    },
    {
      "module": "module.eks_cluster.module.eks",
      "mode": "data",
      "type": "tls_certificate",
      "name": "this",
      "provider": "provider[\"registry.terraform.io/hashicorp/tls\"]",
      "instances": [
        {
          "index_key": 0,
          "schema_version": 0,
          "attributes": {
            "certificates": [
              {
                "cert_pem": "-----BEGIN CERTIFICATE-----\nMIIEdTCCA12gAwIBAgIJAKcOSkw0grd/MA0GCSqGSIb3DQEBCwUAMGgxCzAJBgNV\nBAYTAlVTMSUwIwYDVQQKExxTdGFyZmllbGQgVGVjaG5vbG9naWVzLCBJbmMuMTIw\nMAYDVQQLEylTdGFyZmllbGQgQ2xhc3MgMiBDZXJ0aWZpY2F0aW9uIEF1dGhvcml0\neTAeFw0wOTA5MDIwMDAwMDBaFw0zNDA2MjgxNzM5MTZaMIGYMQswCQYDVQQGEwJV\nUzEQMA4GA1UECBMHQXJpem9uYTETMBEGA1UEBxMKU2NvdHRzZGFsZTElMCMGA1UE\nChMcU3RhcmZpZWxkIFRlY2hub2xvZ2llcywgSW5jLjE7MDkGA1UEAxMyU3RhcmZp\nZWxkIFNlcnZpY2VzIFJvb3QgQ2VydGlmaWNhdGUgQXV0aG9yaXR5IC0gRzIwggEi\nMA0GCSqGSIb3DQEBAQUAA4IBDwAwggEKAoIBAQDVDDrEKvlO4vW+GZdfjohTsR8/\ny8+fIBNtKTrID30892t2OGPZNmCom15cAICyL1l/9of5JUOG52kbUpqQ4XHj2C0N\nTm/2yEnZtvMaVq4rtnQU68/7JuMauh2WLmo7WJSJR1b/JaCTcFOD2oR0FMNnngRo\nOt+OQFodSk7PQ5E751bWAHDLUu57fa4657wx+UX2wmDPE1kCK4DMNEffud6QZW0C\nzyyRpqbn3oUYSXxmTqM6bam17jQuug0DuDPfR+uxa40l2ZvOgdFFRjKWcIfeAg5J\nQ4W2bHO7ZOphQazJ1FTfhy/HIrImzJ9ZVGif/L4qL8RVHHVAYBeFAlU5i38FAgMB\nAAGjgfAwge0wDwYDVR0TAQH/BAUwAwEB/zAOBgNVHQ8BAf8EBAMCAYYwHQYDVR0O\nBBYEFJxfAN+qAdcwKziIorhtSpzyEZGDMB8GA1UdIwQYMBaAFL9ft9HO3R+G9FtV\nrNzXEMIOqYjnME8GCCsGAQUFBwEBBEMwQTAcBggrBgEFBQcwAYYQaHR0cDovL28u\nc3MyLnVzLzAhBggrBgEFBQcwAoYVaHR0cDovL3guc3MyLnVzL3guY2VyMCYGA1Ud\nHwQfMB0wG6AZoBeGFWh0dHA6Ly9zLnNzMi51cy9yLmNybDARBgNVHSAECjAIMAYG\nBFUdIAAwDQYJKoZIhvcNAQELBQADggEBACMd44pXyn3pF3lM8R5V/cxTbj5HD9/G\nVfKyBDbtgB9TxF00KGu+x1X8Z+rLP3+QsjPNG1gQggL4+C/1E2DUBc7xgQjB3ad1\nl08YuW3e95ORCLp+QCztweq7dp4zBncdDQh/U90bZKuCJ/Fp1U1ervShw3WnWEQt\n8jxwmKy6abaVd38PMV4s/KCHOkdp8Hlf9BRUpJVeEXgSYCfOn8J3/yNTd126/+pZ\n59vPr5KW7ySaNRB6nJHGDn2Z9j8Z3/VyVOEVqQdZe4O/Ui5GjLIAZHYcSNPYeehu\nVsyuLAOQ1xk4meTKCRlb/weWsKh/NEnfVqn3sF/tM+2MR7cwA130A4w=\n-----END CERTIFICATE-----\n",
                "is_ca": true,
                "issuer": "OU=Starfield Class 2 Certification Authority,O=Starfield Technologies\\, Inc.,C=US",
                "not_after": "2034-06-28T17:39:16Z",
                "not_before": "2009-09-02T00:00:00Z",
                "public_key_algorithm": "RSA",
                "serial_number": "12037640545166866303",
                "sha1_fingerprint": "9e99a48a9960b14926bb7f3b02e22da2b0ab7280",
                "signature_algorithm": "SHA256-RSA",
                "subject": "CN=Starfield Services Root Certificate Authority - G2,O=Starfield Technologies\\, Inc.,L=Scottsdale,ST=Arizona,C=US",
                "version": 3
              },
              {
                "cert_pem": "-----BEGIN CERTIFICATE-----\nMIIEkjCCA3qgAwIBAgITBn+USionzfP6wq4rAfkI7rnExjANBgkqhkiG9w0BAQsF\nADCBmDELMAkGA1UEBhMCVVMxEDAOBgNVBAgTB0FyaXpvbmExEzARBgNVBAcTClNj\nb3R0c2RhbGUxJTAjBgNVBAoTHFN0YXJmaWVsZCBUZWNobm9sb2dpZXMsIEluYy4x\nOzA5BgNVBAMTMlN0YXJmaWVsZCBTZXJ2aWNlcyBSb290IENlcnRpZmljYXRlIEF1\ndGhvcml0eSAtIEcyMB4XDTE1MDUyNTEyMDAwMFoXDTM3MTIzMTAxMDAwMFowOTEL\nMAkGA1UEBhMCVVMxDzANBgNVBAoTBkFtYXpvbjEZMBcGA1UEAxMQQW1hem9uIFJv\nb3QgQ0EgMTCCASIwDQYJKoZIhvcNAQEBBQADggEPADCCAQoCggEBALJ4gHHKeNXj\nca9HgFB0fW7Y14h29Jlo91ghYPl0hAEvrAIthtOgQ3pOsqTQNroBvo3bSMgHFzZM\n9O6II8c+6zf1tRn4SWiw3te5djgdYZ6k/oI2peVKVuRF4fn9tBb6dNqcmzU5L/qw\nIFAGbHrQgLKm+a/sRxmPUDgH3KKHOVj4utWp+UhnMJbulHheb4mjUcAwhmahRWa6\nVOujw5H5SNz/0egwLX0tdHA114gk957EWW67c4cX8jJGKLhD+rcdqsq08p8kDi1L\n93FcXmn/6pUCyziKrlA4b9v7LWIbxcceVOF34GfID5yHI9Y/QCB/IIDEgEw+OyQm\njgSubJrIqg0CAwEAAaOCATEwggEtMA8GA1UdEwEB/wQFMAMBAf8wDgYDVR0PAQH/\nBAQDAgGGMB0GA1UdDgQWBBSEGMyFNOy8DJSULghZnMeyEE4KCDAfBgNVHSMEGDAW\ngBScXwDfqgHXMCs4iKK4bUqc8hGRgzB4BggrBgEFBQcBAQRsMGowLgYIKwYBBQUH\nMAGGImh0dHA6Ly9vY3NwLnJvb3RnMi5hbWF6b250cnVzdC5jb20wOAYIKwYBBQUH\nMAKGLGh0dHA6Ly9jcnQucm9vdGcyLmFtYXpvbnRydXN0LmNvbS9yb290ZzIuY2Vy\nMD0GA1UdHwQ2MDQwMqAwoC6GLGh0dHA6Ly9jcmwucm9vdGcyLmFtYXpvbnRydXN0\nLmNvbS9yb290ZzIuY3JsMBEGA1UdIAQKMAgwBgYEVR0gADANBgkqhkiG9w0BAQsF\nAAOCAQEAYjdCXLwQtT6LLOkMm2xF4gcAevnFWAu5CIw+7bMlPLVvUOTNNWqnkzSW\nMiGpSESrnO09tKpzbeR/FoCJbM8oAxiDR3mjEH4wW6w7sGDgd9QIpuEdfF7Au/ma\neyKdpwAJfqxGF4PcnCZXmTA5YpaP7dreqsXMGz7KQ2hsVxa81Q4gLv7/wmpdLqBK\nbRRYh5TmOTFffHPLkIhqhBGWJ6bt2YFGpn6jcgAKUj6DiAdjd4lpFw85hdKrCEVN\n0FE6/V1dN2RMfjCyVSRCnTawXZwXgWHxyvkQAiSr6w10kY17RSlQOYiypok1JR4U\nakcjMS9cmvqtmg5iUaQqqcT5NJ0hGA==\n-----END CERTIFICATE-----\n",
                "is_ca": true,
                "issuer": "CN=Starfield Services Root Certificate Authority - G2,O=Starfield Technologies\\, Inc.,L=Scottsdale,ST=Arizona,C=US",
                "not_after": "2037-12-31T01:00:00Z",
                "not_before": "2015-05-25T12:00:00Z",
                "public_key_algorithm": "RSA",
                "serial_number": "144918191876577076464031512351042010504348870",
                "sha1_fingerprint": "06b25927c42a721631c1efd9431e648fa62e1e39",
                "signature_algorithm": "SHA256-RSA",
                "subject": "CN=Amazon Root CA 1,O=Amazon,C=US",
                "version": 3
              },
              {
                "cert_pem": "-----BEGIN CERTIFICATE-----\nMIIEXjCCA0agAwIBAgITB3MSOAudZoijOx7Zv5zNpo4ODzANBgkqhkiG9w0BAQsF\nADA5MQswCQYDVQQGEwJVUzEPMA0GA1UEChMGQW1hem9uMRkwFwYDVQQDExBBbWF6\nb24gUm9vdCBDQSAxMB4XDTIyMDgyMzIyMjEyOFoXDTMwMDgyMzIyMjEyOFowPDEL\nMAkGA1UEBhMCVVMxDzANBgNVBAoTBkFtYXpvbjEcMBoGA1UEAxMTQW1hem9uIFJT\nQSAyMDQ4IE0wMTCCASIwDQYJKoZIhvcNAQEBBQADggEPADCCAQoCggEBAOtxLKnL\nH4gokjIwr4pXD3i3NyWVVYesZ1yX0yLI2qIUZ2t88Gfa4gMqs1YSXca1R/lnCKeT\nepWSGA+0+fkQNpp/L4C2T7oTTsddUx7g3ZYzByDTlrwS5HRQQqEFE3O1T5tEJP4t\nf+28IoXsNiEzl3UGzicYgtzj2cWCB41eJgEmJmcf2T8TzzK6a614ZPyq/w4CPAff\nnAV4coz96nW3AyiE2uhuB4zQUIXvgVSycW7sbWLvj5TDXunEpNCRwC4kkZjK7rol\njtT2cbb7W2s4Bkg3R42G3PLqBvt2N32e/0JOTViCk8/iccJ4sXqrS1uUN4iB5Nmv\nJK74csVl+0u0UecCAwEAAaOCAVowggFWMBIGA1UdEwEB/wQIMAYBAf8CAQAwDgYD\nVR0PAQH/BAQDAgGGMB0GA1UdJQQWMBQGCCsGAQUFBwMBBggrBgEFBQcDAjAdBgNV\nHQ4EFgQUgbgOY4qJEhjl+js7UJWf5uWQE4UwHwYDVR0jBBgwFoAUhBjMhTTsvAyU\nlC4IWZzHshBOCggwewYIKwYBBQUHAQEEbzBtMC8GCCsGAQUFBzABhiNodHRwOi8v\nb2NzcC5yb290Y2ExLmFtYXpvbnRydXN0LmNvbTA6BggrBgEFBQcwAoYuaHR0cDov\nL2NydC5yb290Y2ExLmFtYXpvbnRydXN0LmNvbS9yb290Y2ExLmNlcjA/BgNVHR8E\nODA2MDSgMqAwhi5odHRwOi8vY3JsLnJvb3RjYTEuYW1hem9udHJ1c3QuY29tL3Jv\nb3RjYTEuY3JsMBMGA1UdIAQMMAowCAYGZ4EMAQIBMA0GCSqGSIb3DQEBCwUAA4IB\nAQCtAN4CBSMuBjJitGuxlBbkEUDeK/pZwTXv4KqPK0G50fOHOQAd8j21p0cMBgbG\nkfMHVwLU7b0XwZCav0h1ogdPMN1KakK1DT0VwA/+hFvGPJnMV1Kx2G4S1ZaSk0uU\n5QfoiYIIano01J5k4T2HapKQmmOhS/iPtuo00wW+IMLeBuKMn3OLn005hcrOGTad\nhcmeyfhQP7Z+iKHvyoQGi1C0ClymHETx/chhQGDyYSWqB/THwnN15AwLQo0E5V9E\nSJlbe4mBlqeInUsNYugExNf+tOiybcrswBy8OFsd34XOW3rjSUtsuafd9AWySa3h\nxRRrwszrzX/WWGm6wyB+f7C4\n-----END CERTIFICATE-----\n",
                "is_ca": true,
                "issuer": "CN=Amazon Root CA 1,O=Amazon,C=US",
                "not_after": "2030-08-23T22:21:28Z",
                "not_before": "2022-08-23T22:21:28Z",
                "public_key_algorithm": "RSA",
                "serial_number": "166129328851546858514271303855646110030630415",
                "sha1_fingerprint": "2ad974a775f73cbdbbd8f5ac3a49255fa8fb1f8c",
                "signature_algorithm": "SHA256-RSA",
                "subject": "CN=Amazon RSA 2048 M01,O=Amazon,C=US",
                "version": 3
              },
              {
                "cert_pem": "-----BEGIN CERTIFICATE-----\nMIIF7TCCBNWgAwIBAgIQA5HmLsxqQDg3E9F+6IwH3DANBgkqhkiG9w0BAQsFADA8\nMQswCQYDVQQGEwJVUzEPMA0GA1UEChMGQW1hem9uMRwwGgYDVQQDExNBbWF6b24g\nUlNBIDIwNDggTTAxMB4XDTIzMDQxNTAwMDAwMFoXDTI0MDUxMzIzNTk1OVowLDEq\nMCgGA1UEAxMhb2lkYy5la3MuYXAtc291dGgtMS5hbWF6b25hd3MuY29tMIIBIjAN\nBgkqhkiG9w0BAQEFAAOCAQ8AMIIBCgKCAQEA1anOiYyP3EWnzSy6iCUiFYlqyX2J\nd3bkOMHJAPRRHAMDJX29ZNRLzkmk1dqYMGGRx/y0Hl04AeRqEZbZO/vJKTRz/3NI\n/E6tIAMwAFsNYDrEKKqD2jIWVeYYaMnMTow9ShIBIUW3Yg7kOCl0rRVn0Z6k7JtO\npl9ykVjgmoh8JrFI6xNtWU3KplNyYiP95HYYR50+/dmXSlBdD35D9thWp3t+ZaBV\nCoSDWRmte0K21obpzQLn9pH4UaUhk+GGMQUXDOSWLUyXs8tH/lp/0Tj1zFiFs862\neDli1cG5dn+hmfhfrYqHSVdoFYGeXAJv83sRgQDfYsfirbpahNVIUXnR6QIDAQAB\no4IC+TCCAvUwHwYDVR0jBBgwFoAUgbgOY4qJEhjl+js7UJWf5uWQE4UwHQYDVR0O\nBBYEFK/GH4wzjXvYncHYC++XyrF6Q3TPMCwGA1UdEQQlMCOCIW9pZGMuZWtzLmFw\nLXNvdXRoLTEuYW1hem9uYXdzLmNvbTAOBgNVHQ8BAf8EBAMCBaAwHQYDVR0lBBYw\nFAYIKwYBBQUHAwEGCCsGAQUFBwMCMDsGA1UdHwQ0MDIwMKAuoCyGKmh0dHA6Ly9j\ncmwucjJtMDEuYW1hem9udHJ1c3QuY29tL3IybTAxLmNybDATBgNVHSAEDDAKMAgG\nBmeBDAECATB1BggrBgEFBQcBAQRpMGcwLQYIKwYBBQUHMAGGIWh0dHA6Ly9vY3Nw\nLnIybTAxLmFtYXpvbnRydXN0LmNvbTA2BggrBgEFBQcwAoYqaHR0cDovL2NydC5y\nMm0wMS5hbWF6b250cnVzdC5jb20vcjJtMDEuY2VyMAwGA1UdEwEB/wQCMAAwggF9\nBgorBgEEAdZ5AgQCBIIBbQSCAWkBZwB2AHb/iD8KtvuVUcJhzPWHujS0pM27Kdxo\nQgqf5mdMWjp0AAABh4JC93IAAAQDAEcwRQIgSGN5cVYt0NaSiQdQL3/2Y8FzFPKv\nfb4B/lxt558ax/gCIQDcyDNJDOQLykt6OYvfUFbPT2au+Sx8jwW9O0M8uKnLgwB2\nAHPZnokbTJZ4oCB9R53mssYc0FFecRkqjGuAEHrBd3K1AAABh4JC95UAAAQDAEcw\nRQIhAPyDaevv07moby742IE/pEcIvayHaPweIpIaBtn2151yAiAZWvB6YwFW7yzr\nL4sP56WkScvnAjpn8tUMUvE1YkZ8uwB1AEiw42vapkc0D+VqAvqdMOscUgHLVt0s\ngdm7v6s52IRzAAABh4JC92MAAAQDAEYwRAIgG4EVA1zmifPvD50Y5vrpRgUoieR2\nTTvSuob62xu0iVsCIHUUdI+wpcOMIxGRsEEcPRdvTdxngSBGlNuHiM8chkNsMA0G\nCSqGSIb3DQEBCwUAA4IBAQCXSU3/S67WVLb5MUU3bhb4Uj3r/z1iH8mcuOPpHSFV\n2mC/nuSEb+dQ/Yvlj27k1Oiim45NsDSxglIo5a+aI1YLd1vZDykQXU/K3c7jYkX6\nJYgGBhDmxq6shmLCqc3zUY8NjfirJN7dKgFpBF9T2YOMRmGPMTfaTMfYbQvAhQ0A\nfdIQVV+tVluMevpYIthm52vDSBdXCwzDDGdAAgqHfuLuKgWupX9Vn6I7tbWeOYMN\nzgtsRdsyu4r1NvXRL1IANNkuFUHOH1yfiatMnNfR27vgWpmqvbdTQTrkxPfgxDF4\nCEMM+JOHHBcH88bd2RtCEgwSu2F2rZQRrKsV4ye5lrOM\n-----END CERTIFICATE-----\n",
                "is_ca": false,
                "issuer": "CN=Amazon RSA 2048 M01,O=Amazon,C=US",
                "not_after": "2024-05-13T23:59:59Z",
                "not_before": "2023-04-15T00:00:00Z",
                "public_key_algorithm": "RSA",
                "serial_number": "4745235693810004574080242856439318492",
                "sha1_fingerprint": "b7e3017b01708fa231aa0dbd1b7ec441e2646149",
                "signature_algorithm": "SHA256-RSA",
                "subject": "CN=oidc.eks.ap-south-1.amazonaws.com",
                "version": 3
              }
            ],
            "content": null,
            "id": "19f1975010c6112f8493618c27b546ca956a4667",
            "url": "https://oidc.eks.ap-south-1.amazonaws.com/id/FE8214234B539E4DBE27930A9839B468",
            "verify_chain": true
          },
          "sensitive_attributes": []
        }
      ]
    },
    {
      "module": "module.eks_cluster.module.eks",
      "mode": "managed",
      "type": "aws_cloudwatch_log_group",
      "name": "this",
      "provider": "provider[\"registry.terraform.io/hashicorp/aws\"]",
      "instances": [
        {
          "index_key": 0,
          "schema_version": 0,
          "attributes": {
            "arn": "arn:aws:logs:ap-south-1:998516096174:log-group:/aws/eks/confluent-cluster/cluster",
            "id": "/aws/eks/confluent-cluster/cluster",
            "kms_key_id": "",
            "name": "/aws/eks/confluent-cluster/cluster",
            "name_prefix": "",
            "retention_in_days": 90,
            "skip_destroy": false,
            "tags": {
              "Name": "/aws/eks/confluent-cluster/cluster"
            },
            "tags_all": {
              "Name": "/aws/eks/confluent-cluster/cluster"
            }
          },
          "sensitive_attributes": [],
          "private": "bnVsbA==",
          "create_before_destroy": true
        }
      ]
    },
    {
      "module": "module.eks_cluster.module.eks",
      "mode": "managed",
      "type": "aws_eks_addon",
      "name": "this",
      "provider": "provider[\"registry.terraform.io/hashicorp/aws\"]",
      "instances": [
        {
          "index_key": "aws-ebs-csi-driver",
          "schema_version": 0,
          "attributes": {
            "addon_name": "aws-ebs-csi-driver",
            "addon_version": "v1.20.0-eksbuild.1",
            "arn": "arn:aws:eks:ap-south-1:998516096174:addon/confluent-cluster/aws-ebs-csi-driver/62c49877-c171-192d-edc6-d23e38dd13a5",
            "cluster_name": "confluent-cluster",
            "configuration_values": "",
            "created_at": "2023-07-07T15:19:10Z",
            "id": "confluent-cluster:aws-ebs-csi-driver",
            "modified_at": "2023-07-07T15:19:53Z",
            "preserve": null,
            "resolve_conflicts": "OVERWRITE",
            "resolve_conflicts_on_create": null,
            "resolve_conflicts_on_update": null,
            "service_account_role_arn": "arn:aws:iam::998516096174:role/ebs-csi-confluent-cluster-role",
            "tags": {},
            "tags_all": {},
            "timeouts": {
              "create": null,
              "delete": null,
              "update": null
            }
          },
          "sensitive_attributes": [],
          "private": "eyJlMmJmYjczMC1lY2FhLTExZTYtOGY4OC0zNDM2M2JjN2M0YzAiOnsiY3JlYXRlIjoxMjAwMDAwMDAwMDAwLCJkZWxldGUiOjI0MDAwMDAwMDAwMDAsInVwZGF0ZSI6MTIwMDAwMDAwMDAwMH19",
          "dependencies": [
            "module.eks_cluster.data.aws_subnets.private_subnets",
            "module.eks_cluster.module.ebs_csi_irsa_role.aws_iam_role.this",
            "module.eks_cluster.module.ebs_csi_irsa_role.data.aws_caller_identity.current",
            "module.eks_cluster.module.ebs_csi_irsa_role.data.aws_iam_policy_document.this",
            "module.eks_cluster.module.ebs_csi_irsa_role.data.aws_partition.current",
            "module.eks_cluster.module.eks.aws_cloudwatch_log_group.this",
            "module.eks_cluster.module.eks.aws_eks_cluster.this",
            "module.eks_cluster.module.eks.aws_iam_openid_connect_provider.oidc_provider",
            "module.eks_cluster.module.eks.aws_iam_policy.cni_ipv6_policy",
            "module.eks_cluster.module.eks.aws_iam_role.this",
            "module.eks_cluster.module.eks.aws_iam_role_policy_attachment.this",
            "module.eks_cluster.module.eks.aws_security_group.cluster",
            "module.eks_cluster.module.eks.aws_security_group.node",
            "module.eks_cluster.module.eks.aws_security_group_rule.cluster",
            "module.eks_cluster.module.eks.aws_security_group_rule.node",
            "module.eks_cluster.module.eks.data.aws_caller_identity.current",
            "module.eks_cluster.module.eks.data.aws_eks_addon_version.this",
            "module.eks_cluster.module.eks.data.aws_iam_policy_document.assume_role_policy",
            "module.eks_cluster.module.eks.data.aws_iam_policy_document.cni_ipv6_policy",
            "module.eks_cluster.module.eks.data.aws_iam_session_context.current",
            "module.eks_cluster.module.eks.data.aws_partition.current",
            "module.eks_cluster.module.eks.data.tls_certificate.this",
            "module.eks_cluster.module.eks.module.eks_managed_node_group.aws_autoscaling_schedule.this",
            "module.eks_cluster.module.eks.module.eks_managed_node_group.aws_eks_node_group.this",
            "module.eks_cluster.module.eks.module.eks_managed_node_group.aws_iam_role.this",
            "module.eks_cluster.module.eks.module.eks_managed_node_group.aws_iam_role_policy_attachment.additional",
            "module.eks_cluster.module.eks.module.eks_managed_node_group.aws_iam_role_policy_attachment.this",
            "module.eks_cluster.module.eks.module.eks_managed_node_group.aws_launch_template.this",
            "module.eks_cluster.module.eks.module.eks_managed_node_group.data.aws_caller_identity.current",
            "module.eks_cluster.module.eks.module.eks_managed_node_group.data.aws_iam_policy_document.assume_role_policy",
            "module.eks_cluster.module.eks.module.eks_managed_node_group.data.aws_partition.current",
            "module.eks_cluster.module.eks.module.eks_managed_node_group.module.user_data.data.cloudinit_config.linux_eks_managed_node_group",
            "module.eks_cluster.module.eks.module.fargate_profile.aws_eks_fargate_profile.this",
            "module.eks_cluster.module.eks.module.fargate_profile.aws_iam_role.this",
            "module.eks_cluster.module.eks.module.fargate_profile.aws_iam_role_policy_attachment.additional",
            "module.eks_cluster.module.eks.module.fargate_profile.aws_iam_role_policy_attachment.this",
            "module.eks_cluster.module.eks.module.fargate_profile.data.aws_caller_identity.current",
            "module.eks_cluster.module.eks.module.fargate_profile.data.aws_iam_policy_document.assume_role_policy",
            "module.eks_cluster.module.eks.module.fargate_profile.data.aws_partition.current",
            "module.eks_cluster.module.eks.module.kms.aws_kms_external_key.this",
            "module.eks_cluster.module.eks.module.kms.aws_kms_key.this",
            "module.eks_cluster.module.eks.module.kms.data.aws_caller_identity.current",
            "module.eks_cluster.module.eks.module.kms.data.aws_iam_policy_document.this",
            "module.eks_cluster.module.eks.module.kms.data.aws_partition.current",
            "module.eks_cluster.module.eks.module.self_managed_node_group.aws_autoscaling_group.this",
            "module.eks_cluster.module.eks.module.self_managed_node_group.aws_autoscaling_schedule.this",
            "module.eks_cluster.module.eks.module.self_managed_node_group.aws_iam_instance_profile.this",
            "module.eks_cluster.module.eks.module.self_managed_node_group.aws_iam_role.this",
            "module.eks_cluster.module.eks.module.self_managed_node_group.aws_iam_role_policy_attachment.additional",
            "module.eks_cluster.module.eks.module.self_managed_node_group.aws_iam_role_policy_attachment.this",
            "module.eks_cluster.module.eks.module.self_managed_node_group.aws_launch_template.this",
            "module.eks_cluster.module.eks.module.self_managed_node_group.data.aws_ami.eks_default",
            "module.eks_cluster.module.eks.module.self_managed_node_group.data.aws_caller_identity.current",
            "module.eks_cluster.module.eks.module.self_managed_node_group.data.aws_iam_policy_document.assume_role_policy",
            "module.eks_cluster.module.eks.module.self_managed_node_group.data.aws_partition.current",
            "module.eks_cluster.module.eks.module.self_managed_node_group.module.user_data.data.cloudinit_config.linux_eks_managed_node_group",
            "module.eks_cluster.module.eks.time_sleep.this"
          ]
        }
      ]
    },
    {
      "module": "module.eks_cluster.module.eks",
      "mode": "managed",
      "type": "aws_eks_cluster",
      "name": "this",
      "provider": "provider[\"registry.terraform.io/hashicorp/aws\"]",
      "instances": [
        {
          "index_key": 0,
          "schema_version": 0,
          "attributes": {
            "arn": "arn:aws:eks:ap-south-1:998516096174:cluster/confluent-cluster",
            "certificate_authority": [
              {
                "data": "LS0tLS1CRUdJTiBDRVJUSUZJQ0FURS0tLS0tCk1JSUMvakNDQWVhZ0F3SUJBZ0lCQURBTkJna3Foa2lHOXcwQkFRc0ZBREFWTVJNd0VRWURWUVFERXdwcmRXSmwKY201bGRHVnpNQjRYRFRJek1EY3dOekUxTVRNd05Wb1hEVE16TURjd05ERTFNVE13TlZvd0ZURVRNQkVHQTFVRQpBeE1LYTNWaVpYSnVaWFJsY3pDQ0FTSXdEUVlKS29aSWh2Y05BUUVCQlFBRGdnRVBBRENDQVFvQ2dnRUJBTEp1CmtsSjdzSDF5bVZHOHdxdFAxSnJBaWEzanJvb05tdEJOZzk1amhDMCsrdmVndjlxMjg3YzBCNXl2cnROUVFSSXgKeEVQeXVSZUhxNTVKTStFVzV0Ync0dUlWS3lJVTJXc1hSWVhibmthRFQ0ZVZDNmhWdkE3a1BFejVDUlRhSFFzaApKVzBWQXVWRFJOb0VJdWl6RzNYbnNmc29FUHhPT1hWWVh0cTNmZXpIdHdnaEpjVW01TzlqcnFOUitRR0ZjV0tlClpHa2tmWmM5aHNHNmUwdldlaGdOYXlZTTBSNGFtd2phUURxQm52QWhmU0E3VWo1UUwrNHR5eUp5Zjc5dUZITXQKT3cvNUx5RnRBYWd2NGxyTVg1OHkvZUVGOWROMTVKMk5BQWRjY05FemRsZ2ZOV0N0Y0l4UGFsdERkZUJ3V1BCSwpLdG5aNXhqaStjV01pcWdaWXMwQ0F3RUFBYU5aTUZjd0RnWURWUjBQQVFIL0JBUURBZ0trTUE4R0ExVWRFd0VCCi93UUZNQU1CQWY4d0hRWURWUjBPQkJZRUZCY0tSdW9kamlUNzVOUnVqN1oxMiszd25mV09NQlVHQTFVZEVRUU8KTUF5Q0NtdDFZbVZ5Ym1WMFpYTXdEUVlKS29aSWh2Y05BUUVMQlFBRGdnRUJBSnp4eWR1QUYvRjkva1A5aUlGbQpiS0JsdTh5Mm00VS9KOGFQL01EWFRhQlNzaHp5MjZWVDF0NmhwaGI2aHV4M213NGgwVFZqSjRsT1pYYitDQlNiCm4rcmwxMWlwOUJub012TmNLbWNUL3NxVHlDWktFcjNpeGthSXdSOHBLOTRNaWZCNDJUamNNekpTMGdCZXhLaTcKOXFpQlBEdHBCZnFkaTRYd2EzYXNxOEpLZnNXRjFwRlNLMlkrOEtnaGMzbkd6T1AyQnBvaHlBUXdIVWpaSTdDaApEQWJETmRhdlJWcHI4R3NvYkdoK25lYjNxNThlV3FEQ3N5VCtXalRtTkk0bEhtQmRLVDV3T010MVBZcS8veFU2Cm94eGZnSE95Z0NBZkw2S091UmtsNG94RFNKci8yb3p2blRLWkppRnNISWZ0UUJqNFNCVy9FNzhSbm9zR0d2RnUKZm5zPQotLS0tLUVORCBDRVJUSUZJQ0FURS0tLS0tCg=="
              }
            ],
            "cluster_id": null,
            "created_at": "2023-07-07 15:08:50.194 +0000 UTC",
            "enabled_cluster_log_types": [
              "api",
              "audit",
              "authenticator"
            ],
            "encryption_config": [
              {
                "provider": [
                  {
                    "key_arn": "arn:aws:kms:ap-south-1:998516096174:key/151d1882-19f5-436d-8149-76dc904ff87d"
                  }
                ],
                "resources": [
                  "secrets"
                ]
              }
            ],
            "endpoint": "https://FE8214234B539E4DBE27930A9839B468.gr7.ap-south-1.eks.amazonaws.com",
            "id": "confluent-cluster",
            "identity": [
              {
                "oidc": [
                  {
                    "issuer": "https://oidc.eks.ap-south-1.amazonaws.com/id/FE8214234B539E4DBE27930A9839B468"
                  }
                ]
              }
            ],
            "kubernetes_network_config": [
              {
                "ip_family": "ipv4",
                "service_ipv4_cidr": "172.20.0.0/16",
                "service_ipv6_cidr": ""
              }
            ],
            "name": "confluent-cluster",
            "outpost_config": [],
            "platform_version": "eks.3",
            "role_arn": "arn:aws:iam::998516096174:role/confluent-cluster-cluster-20230707150826764800000004",
            "status": "ACTIVE",
            "tags": {},
            "tags_all": {},
            "timeouts": {
              "create": null,
              "delete": null,
              "update": null
            },
            "version": "1.27",
            "vpc_config": [
              {
                "cluster_security_group_id": "sg-0fb37493de949609a",
                "endpoint_private_access": true,
                "endpoint_public_access": true,
                "public_access_cidrs": [
                  "0.0.0.0/0"
                ],
                "security_group_ids": [
                  "sg-0e2d2a447d1fac23c"
                ],
                "subnet_ids": [
                  "subnet-03ce94c2a2af0a2aa",
                  "subnet-072b3186da6c8e27d",
                  "subnet-073a5d0b35e22e05d"
                ],
                "vpc_id": "vpc-0f851beb2ba287c51"
              }
            ]
          },
          "sensitive_attributes": [],
          "private": "eyJlMmJmYjczMC1lY2FhLTExZTYtOGY4OC0zNDM2M2JjN2M0YzAiOnsiY3JlYXRlIjoxODAwMDAwMDAwMDAwLCJkZWxldGUiOjkwMDAwMDAwMDAwMCwidXBkYXRlIjozNjAwMDAwMDAwMDAwfX0=",
          "dependencies": [
            "module.eks_cluster.data.aws_subnets.private_subnets",
            "module.eks_cluster.module.eks.aws_cloudwatch_log_group.this",
            "module.eks_cluster.module.eks.aws_iam_policy.cni_ipv6_policy",
            "module.eks_cluster.module.eks.aws_iam_role.this",
            "module.eks_cluster.module.eks.aws_iam_role_policy_attachment.this",
            "module.eks_cluster.module.eks.aws_security_group.cluster",
            "module.eks_cluster.module.eks.aws_security_group.node",
            "module.eks_cluster.module.eks.aws_security_group_rule.cluster",
            "module.eks_cluster.module.eks.aws_security_group_rule.node",
            "module.eks_cluster.module.eks.data.aws_caller_identity.current",
            "module.eks_cluster.module.eks.data.aws_iam_policy_document.assume_role_policy",
            "module.eks_cluster.module.eks.data.aws_iam_policy_document.cni_ipv6_policy",
            "module.eks_cluster.module.eks.data.aws_iam_session_context.current",
            "module.eks_cluster.module.eks.data.aws_partition.current",
            "module.eks_cluster.module.eks.module.kms.aws_kms_external_key.this",
            "module.eks_cluster.module.eks.module.kms.aws_kms_key.this",
            "module.eks_cluster.module.eks.module.kms.data.aws_caller_identity.current",
            "module.eks_cluster.module.eks.module.kms.data.aws_iam_policy_document.this",
            "module.eks_cluster.module.eks.module.kms.data.aws_partition.current"
          ],
          "create_before_destroy": true
        }
      ]
    },
    {
      "module": "module.eks_cluster.module.eks",
      "mode": "managed",
      "type": "aws_iam_openid_connect_provider",
      "name": "oidc_provider",
      "provider": "provider[\"registry.terraform.io/hashicorp/aws\"]",
      "instances": [
        {
          "index_key": 0,
          "schema_version": 0,
          "attributes": {
            "arn": "arn:aws:iam::998516096174:oidc-provider/oidc.eks.ap-south-1.amazonaws.com/id/FE8214234B539E4DBE27930A9839B468",
            "client_id_list": [
              "sts.amazonaws.com"
            ],
            "id": "arn:aws:iam::998516096174:oidc-provider/oidc.eks.ap-south-1.amazonaws.com/id/FE8214234B539E4DBE27930A9839B468",
            "tags": {
              "Name": "confluent-cluster-eks-irsa"
            },
            "tags_all": {
              "Name": "confluent-cluster-eks-irsa"
            },
            "thumbprint_list": [
              "9e99a48a9960b14926bb7f3b02e22da2b0ab7280",
              "06b25927c42a721631c1efd9431e648fa62e1e39",
              "2ad974a775f73cbdbbd8f5ac3a49255fa8fb1f8c",
              "b7e3017b01708fa231aa0dbd1b7ec441e2646149"
            ],
            "url": "oidc.eks.ap-south-1.amazonaws.com/id/FE8214234B539E4DBE27930A9839B468"
          },
          "sensitive_attributes": [],
          "private": "bnVsbA==",
          "dependencies": [
            "module.eks_cluster.data.aws_subnets.private_subnets",
            "module.eks_cluster.module.eks.aws_cloudwatch_log_group.this",
            "module.eks_cluster.module.eks.aws_eks_cluster.this",
            "module.eks_cluster.module.eks.aws_iam_policy.cni_ipv6_policy",
            "module.eks_cluster.module.eks.aws_iam_role.this",
            "module.eks_cluster.module.eks.aws_iam_role_policy_attachment.this",
            "module.eks_cluster.module.eks.aws_security_group.cluster",
            "module.eks_cluster.module.eks.aws_security_group.node",
            "module.eks_cluster.module.eks.aws_security_group_rule.cluster",
            "module.eks_cluster.module.eks.aws_security_group_rule.node",
            "module.eks_cluster.module.eks.data.aws_caller_identity.current",
            "module.eks_cluster.module.eks.data.aws_iam_policy_document.assume_role_policy",
            "module.eks_cluster.module.eks.data.aws_iam_policy_document.cni_ipv6_policy",
            "module.eks_cluster.module.eks.data.aws_iam_session_context.current",
            "module.eks_cluster.module.eks.data.aws_partition.current",
            "module.eks_cluster.module.eks.data.tls_certificate.this",
            "module.eks_cluster.module.eks.module.kms.aws_kms_external_key.this",
            "module.eks_cluster.module.eks.module.kms.aws_kms_key.this",
            "module.eks_cluster.module.eks.module.kms.data.aws_caller_identity.current",
            "module.eks_cluster.module.eks.module.kms.data.aws_iam_policy_document.this",
            "module.eks_cluster.module.eks.module.kms.data.aws_partition.current"
          ]
        }
      ]
    },
    {
      "module": "module.eks_cluster.module.eks",
      "mode": "managed",
      "type": "aws_iam_policy",
      "name": "cluster_encryption",
      "provider": "provider[\"registry.terraform.io/hashicorp/aws\"]",
      "instances": [
        {
          "index_key": 0,
          "schema_version": 0,
          "attributes": {
            "arn": "arn:aws:iam::998516096174:policy/confluent-cluster-cluster-ClusterEncryption2023070715084807310000000e",
            "description": "Cluster encryption policy to allow cluster role to utilize CMK provided",
            "id": "arn:aws:iam::998516096174:policy/confluent-cluster-cluster-ClusterEncryption2023070715084807310000000e",
            "name": "confluent-cluster-cluster-ClusterEncryption2023070715084807310000000e",
            "name_prefix": "confluent-cluster-cluster-ClusterEncryption",
            "path": "/",
            "policy": "{\"Statement\":[{\"Action\":[\"kms:Encrypt\",\"kms:Decrypt\",\"kms:ListGrants\",\"kms:DescribeKey\"],\"Effect\":\"Allow\",\"Resource\":\"arn:aws:kms:ap-south-1:998516096174:key/151d1882-19f5-436d-8149-76dc904ff87d\"}],\"Version\":\"2012-10-17\"}",
            "policy_id": "ANPA6Q7BSPSXOAON3S6EI",
            "tags": {},
            "tags_all": {}
          },
          "sensitive_attributes": [],
          "private": "bnVsbA==",
          "dependencies": [
            "module.eks_cluster.module.eks.aws_iam_role.this",
            "module.eks_cluster.module.eks.data.aws_caller_identity.current",
            "module.eks_cluster.module.eks.data.aws_iam_policy_document.assume_role_policy",
            "module.eks_cluster.module.eks.data.aws_iam_session_context.current",
            "module.eks_cluster.module.eks.data.aws_partition.current",
            "module.eks_cluster.module.eks.module.kms.aws_kms_external_key.this",
            "module.eks_cluster.module.eks.module.kms.aws_kms_key.this",
            "module.eks_cluster.module.eks.module.kms.data.aws_caller_identity.current",
            "module.eks_cluster.module.eks.module.kms.data.aws_iam_policy_document.this",
            "module.eks_cluster.module.eks.module.kms.data.aws_partition.current"
          ]
        }
      ]
    },
    {
      "module": "module.eks_cluster.module.eks",
      "mode": "managed",
      "type": "aws_iam_role",
      "name": "this",
      "provider": "provider[\"registry.terraform.io/hashicorp/aws\"]",
      "instances": [
        {
          "index_key": 0,
          "schema_version": 0,
          "attributes": {
            "arn": "arn:aws:iam::998516096174:role/confluent-cluster-cluster-20230707150826764800000004",
            "assume_role_policy": "{\"Statement\":[{\"Action\":\"sts:AssumeRole\",\"Effect\":\"Allow\",\"Principal\":{\"Service\":\"eks.amazonaws.com\"},\"Sid\":\"EKSClusterAssumeRole\"}],\"Version\":\"2012-10-17\"}",
            "create_date": "2023-07-07T15:08:28Z",
            "description": "",
            "force_detach_policies": true,
            "id": "confluent-cluster-cluster-20230707150826764800000004",
            "inline_policy": [
              {
                "name": "confluent-cluster-cluster",
                "policy": "{\"Version\":\"2012-10-17\",\"Statement\":[{\"Action\":[\"logs:CreateLogGroup\"],\"Effect\":\"Deny\",\"Resource\":\"*\"}]}"
              }
            ],
            "managed_policy_arns": [
              "arn:aws:iam::998516096174:policy/confluent-cluster-cluster-ClusterEncryption2023070715084807310000000e",
              "arn:aws:iam::aws:policy/AmazonEKSClusterPolicy",
              "arn:aws:iam::aws:policy/AmazonEKSVPCResourceController"
            ],
            "max_session_duration": 3600,
            "name": "confluent-cluster-cluster-20230707150826764800000004",
            "name_prefix": "confluent-cluster-cluster-",
            "path": "/",
            "permissions_boundary": null,
            "tags": {},
            "tags_all": {},
            "unique_id": "AROA6Q7BSPSXKSNPJNM4A"
          },
          "sensitive_attributes": [],
          "private": "bnVsbA==",
          "dependencies": [
            "module.eks_cluster.module.eks.data.aws_iam_policy_document.assume_role_policy",
            "module.eks_cluster.module.eks.data.aws_partition.current"
          ],
          "create_before_destroy": true
        }
      ]
    },
    {
      "module": "module.eks_cluster.module.eks",
      "mode": "managed",
      "type": "aws_iam_role_policy_attachment",
      "name": "cluster_encryption",
      "provider": "provider[\"registry.terraform.io/hashicorp/aws\"]",
      "instances": [
        {
          "index_key": 0,
          "schema_version": 0,
          "attributes": {
            "id": "confluent-cluster-cluster-20230707150826764800000004-2023070715084936600000000f",
            "policy_arn": "arn:aws:iam::998516096174:policy/confluent-cluster-cluster-ClusterEncryption2023070715084807310000000e",
            "role": "confluent-cluster-cluster-20230707150826764800000004"
          },
          "sensitive_attributes": [],
          "private": "bnVsbA==",
          "dependencies": [
            "module.eks_cluster.module.eks.aws_iam_policy.cluster_encryption",
            "module.eks_cluster.module.eks.aws_iam_role.this",
            "module.eks_cluster.module.eks.data.aws_caller_identity.current",
            "module.eks_cluster.module.eks.data.aws_iam_policy_document.assume_role_policy",
            "module.eks_cluster.module.eks.data.aws_iam_session_context.current",
            "module.eks_cluster.module.eks.data.aws_partition.current",
            "module.eks_cluster.module.eks.module.kms.aws_kms_external_key.this",
            "module.eks_cluster.module.eks.module.kms.aws_kms_key.this",
            "module.eks_cluster.module.eks.module.kms.data.aws_caller_identity.current",
            "module.eks_cluster.module.eks.module.kms.data.aws_iam_policy_document.this",
            "module.eks_cluster.module.eks.module.kms.data.aws_partition.current"
          ]
        }
      ]
    },
    {
      "module": "module.eks_cluster.module.eks",
      "mode": "managed",
      "type": "aws_iam_role_policy_attachment",
      "name": "this",
      "provider": "provider[\"registry.terraform.io/hashicorp/aws\"]",
      "instances": [
        {
          "index_key": "AmazonEKSClusterPolicy",
          "schema_version": 0,
          "attributes": {
            "id": "confluent-cluster-cluster-20230707150826764800000004-2023070715083105490000000d",
            "policy_arn": "arn:aws:iam::aws:policy/AmazonEKSClusterPolicy",
            "role": "confluent-cluster-cluster-20230707150826764800000004"
          },
          "sensitive_attributes": [],
          "private": "bnVsbA==",
          "dependencies": [
            "module.eks_cluster.module.eks.aws_iam_role.this",
            "module.eks_cluster.module.eks.data.aws_iam_policy_document.assume_role_policy",
            "module.eks_cluster.module.eks.data.aws_partition.current"
          ],
          "create_before_destroy": true
        },
        {
          "index_key": "AmazonEKSVPCResourceController",
          "schema_version": 0,
          "attributes": {
            "id": "confluent-cluster-cluster-20230707150826764800000004-2023070715083073500000000c",
            "policy_arn": "arn:aws:iam::aws:policy/AmazonEKSVPCResourceController",
            "role": "confluent-cluster-cluster-20230707150826764800000004"
          },
          "sensitive_attributes": [],
          "private": "bnVsbA==",
          "dependencies": [
            "module.eks_cluster.module.eks.aws_iam_role.this",
            "module.eks_cluster.module.eks.data.aws_iam_policy_document.assume_role_policy",
            "module.eks_cluster.module.eks.data.aws_partition.current"
          ],
          "create_before_destroy": true
        }
      ]
    },
    {
      "module": "module.eks_cluster.module.eks",
      "mode": "managed",
      "type": "aws_security_group",
      "name": "cluster",
      "provider": "provider[\"registry.terraform.io/hashicorp/aws\"]",
      "instances": [
        {
          "index_key": 0,
          "schema_version": 1,
          "attributes": {
            "arn": "arn:aws:ec2:ap-south-1:998516096174:security-group/sg-0e2d2a447d1fac23c",
            "description": "EKS cluster security group",
            "egress": [],
            "id": "sg-0e2d2a447d1fac23c",
            "ingress": [
              {
                "cidr_blocks": [],
                "description": "Node groups to cluster API",
                "from_port": 443,
                "ipv6_cidr_blocks": [],
                "prefix_list_ids": [],
                "protocol": "tcp",
                "security_groups": [
                  "sg-026b4a74c8b59497b"
                ],
                "self": false,
                "to_port": 443
              }
            ],
            "name": "confluent-cluster-cluster-20230707150826763800000001",
            "name_prefix": "confluent-cluster-cluster-",
            "owner_id": "998516096174",
            "revoke_rules_on_delete": false,
            "tags": {
              "Name": "confluent-cluster-cluster"
            },
            "tags_all": {
              "Name": "confluent-cluster-cluster"
            },
            "timeouts": null,
            "vpc_id": "vpc-0f851beb2ba287c51"
          },
          "sensitive_attributes": [],
          "private": "eyJlMmJmYjczMC1lY2FhLTExZTYtOGY4OC0zNDM2M2JjN2M0YzAiOnsiY3JlYXRlIjo2MDAwMDAwMDAwMDAsImRlbGV0ZSI6OTAwMDAwMDAwMDAwfSwic2NoZW1hX3ZlcnNpb24iOiIxIn0=",
          "create_before_destroy": true
        }
      ]
    },
    {
      "module": "module.eks_cluster.module.eks",
      "mode": "managed",
      "type": "aws_security_group",
      "name": "node",
      "provider": "provider[\"registry.terraform.io/hashicorp/aws\"]",
      "instances": [
        {
          "index_key": 0,
          "schema_version": 1,
          "attributes": {
            "arn": "arn:aws:ec2:ap-south-1:998516096174:security-group/sg-026b4a74c8b59497b",
            "description": "EKS node shared security group",
            "egress": [
              {
                "cidr_blocks": [
                  "0.0.0.0/0"
                ],
                "description": "Allow all egress",
                "from_port": 0,
                "ipv6_cidr_blocks": [],
                "prefix_list_ids": [],
                "protocol": "-1",
                "security_groups": [],
                "self": false,
                "to_port": 0
              }
            ],
            "id": "sg-026b4a74c8b59497b",
            "ingress": [
              {
                "cidr_blocks": [],
                "description": "Cluster API to node 4443/tcp webhook",
                "from_port": 4443,
                "ipv6_cidr_blocks": [],
                "prefix_list_ids": [],
                "protocol": "tcp",
                "security_groups": [
                  "sg-0e2d2a447d1fac23c"
                ],
                "self": false,
                "to_port": 4443
              },
              {
                "cidr_blocks": [],
                "description": "Cluster API to node 6443/tcp webhook",
                "from_port": 6443,
                "ipv6_cidr_blocks": [],
                "prefix_list_ids": [],
                "protocol": "tcp",
                "security_groups": [
                  "sg-0e2d2a447d1fac23c"
                ],
                "self": false,
                "to_port": 6443
              },
              {
                "cidr_blocks": [],
                "description": "Cluster API to node 8443/tcp webhook",
                "from_port": 8443,
                "ipv6_cidr_blocks": [],
                "prefix_list_ids": [],
                "protocol": "tcp",
                "security_groups": [
                  "sg-0e2d2a447d1fac23c"
                ],
                "self": false,
                "to_port": 8443
              },
              {
                "cidr_blocks": [],
                "description": "Cluster API to node 9443/tcp webhook",
                "from_port": 9443,
                "ipv6_cidr_blocks": [],
                "prefix_list_ids": [],
                "protocol": "tcp",
                "security_groups": [
                  "sg-0e2d2a447d1fac23c"
                ],
                "self": false,
                "to_port": 9443
              },
              {
                "cidr_blocks": [],
                "description": "Cluster API to node groups",
                "from_port": 443,
                "ipv6_cidr_blocks": [],
                "prefix_list_ids": [],
                "protocol": "tcp",
                "security_groups": [
                  "sg-0e2d2a447d1fac23c"
                ],
                "self": false,
                "to_port": 443
              },
              {
                "cidr_blocks": [],
                "description": "Cluster API to node kubelets",
                "from_port": 10250,
                "ipv6_cidr_blocks": [],
                "prefix_list_ids": [],
                "protocol": "tcp",
                "security_groups": [
                  "sg-0e2d2a447d1fac23c"
                ],
                "self": false,
                "to_port": 10250
              },
              {
                "cidr_blocks": [],
                "description": "Node to node CoreDNS UDP",
                "from_port": 53,
                "ipv6_cidr_blocks": [],
                "prefix_list_ids": [],
                "protocol": "udp",
                "security_groups": [],
                "self": true,
                "to_port": 53
              },
              {
                "cidr_blocks": [],
                "description": "Node to node CoreDNS",
                "from_port": 53,
                "ipv6_cidr_blocks": [],
                "prefix_list_ids": [],
                "protocol": "tcp",
                "security_groups": [],
                "self": true,
                "to_port": 53
              },
              {
                "cidr_blocks": [],
                "description": "Node to node ingress on ephemeral ports",
                "from_port": 1025,
                "ipv6_cidr_blocks": [],
                "prefix_list_ids": [],
                "protocol": "tcp",
                "security_groups": [],
                "self": true,
                "to_port": 65535
              },
              {
                "cidr_blocks": [],
                "description": "elbv2.k8s.aws/targetGroupBinding=shared",
                "from_port": 30171,
                "ipv6_cidr_blocks": [],
                "prefix_list_ids": [],
                "protocol": "tcp",
                "security_groups": [
                  "sg-060cd9b7718804288"
                ],
                "self": false,
                "to_port": 30941
              }
            ],
            "name": "confluent-cluster-node-20230707150826764300000003",
            "name_prefix": "confluent-cluster-node-",
            "owner_id": "998516096174",
            "revoke_rules_on_delete": false,
            "tags": {
              "Name": "confluent-cluster-node",
              "kubernetes.io/cluster/confluent-cluster": "owned"
            },
            "tags_all": {
              "Name": "confluent-cluster-node",
              "kubernetes.io/cluster/confluent-cluster": "owned"
            },
            "timeouts": null,
            "vpc_id": "vpc-0f851beb2ba287c51"
          },
          "sensitive_attributes": [],
          "private": "eyJlMmJmYjczMC1lY2FhLTExZTYtOGY4OC0zNDM2M2JjN2M0YzAiOnsiY3JlYXRlIjo2MDAwMDAwMDAwMDAsImRlbGV0ZSI6OTAwMDAwMDAwMDAwfSwic2NoZW1hX3ZlcnNpb24iOiIxIn0=",
          "create_before_destroy": true
        }
      ]
    },
    {
      "module": "module.eks_cluster.module.eks",
      "mode": "managed",
      "type": "aws_security_group_rule",
      "name": "cluster",
      "provider": "provider[\"registry.terraform.io/hashicorp/aws\"]",
      "instances": [
        {
          "index_key": "ingress_nodes_443",
          "schema_version": 2,
          "attributes": {
            "cidr_blocks": null,
            "description": "Node groups to cluster API",
            "from_port": 443,
            "id": "sgrule-1821031750",
            "ipv6_cidr_blocks": null,
            "prefix_list_ids": null,
            "protocol": "tcp",
            "security_group_id": "sg-0e2d2a447d1fac23c",
            "security_group_rule_id": "sgr-01c924f12cc0d85a3",
            "self": false,
            "source_security_group_id": "sg-026b4a74c8b59497b",
            "timeouts": null,
            "to_port": 443,
            "type": "ingress"
          },
          "sensitive_attributes": [],
          "private": "eyJlMmJmYjczMC1lY2FhLTExZTYtOGY4OC0zNDM2M2JjN2M0YzAiOnsiY3JlYXRlIjozMDAwMDAwMDAwMDB9LCJzY2hlbWFfdmVyc2lvbiI6IjIifQ==",
          "dependencies": [
            "module.eks_cluster.module.eks.aws_security_group.cluster",
            "module.eks_cluster.module.eks.aws_security_group.node"
          ],
          "create_before_destroy": true
        }
      ]
    },
    {
      "module": "module.eks_cluster.module.eks",
      "mode": "managed",
      "type": "aws_security_group_rule",
      "name": "node",
      "provider": "provider[\"registry.terraform.io/hashicorp/aws\"]",
      "instances": [
        {
          "index_key": "egress_all",
          "schema_version": 2,
          "attributes": {
            "cidr_blocks": [
              "0.0.0.0/0"
            ],
            "description": "Allow all egress",
            "from_port": 0,
            "id": "sgrule-1713030094",
            "ipv6_cidr_blocks": null,
            "prefix_list_ids": [],
            "protocol": "-1",
            "security_group_id": "sg-026b4a74c8b59497b",
            "security_group_rule_id": "sgr-0e1c337b9f03b8843",
            "self": false,
            "source_security_group_id": null,
            "timeouts": null,
            "to_port": 0,
            "type": "egress"
          },
          "sensitive_attributes": [],
          "private": "eyJlMmJmYjczMC1lY2FhLTExZTYtOGY4OC0zNDM2M2JjN2M0YzAiOnsiY3JlYXRlIjozMDAwMDAwMDAwMDB9LCJzY2hlbWFfdmVyc2lvbiI6IjIifQ==",
          "dependencies": [
            "module.eks_cluster.module.eks.aws_security_group.cluster",
            "module.eks_cluster.module.eks.aws_security_group.node"
          ],
          "create_before_destroy": true
        },
        {
          "index_key": "ingress_cluster_443",
          "schema_version": 2,
          "attributes": {
            "cidr_blocks": null,
            "description": "Cluster API to node groups",
            "from_port": 443,
            "id": "sgrule-2844624869",
            "ipv6_cidr_blocks": null,
            "prefix_list_ids": [],
            "protocol": "tcp",
            "security_group_id": "sg-026b4a74c8b59497b",
            "security_group_rule_id": "sgr-04c32eb85ad7862ed",
            "self": false,
            "source_security_group_id": "sg-0e2d2a447d1fac23c",
            "timeouts": null,
            "to_port": 443,
            "type": "ingress"
          },
          "sensitive_attributes": [],
          "private": "eyJlMmJmYjczMC1lY2FhLTExZTYtOGY4OC0zNDM2M2JjN2M0YzAiOnsiY3JlYXRlIjozMDAwMDAwMDAwMDB9LCJzY2hlbWFfdmVyc2lvbiI6IjIifQ==",
          "dependencies": [
            "module.eks_cluster.module.eks.aws_security_group.cluster",
            "module.eks_cluster.module.eks.aws_security_group.node"
          ],
          "create_before_destroy": true
        },
        {
          "index_key": "ingress_cluster_4443_webhook",
          "schema_version": 2,
          "attributes": {
            "cidr_blocks": null,
            "description": "Cluster API to node 4443/tcp webhook",
            "from_port": 4443,
            "id": "sgrule-2340807211",
            "ipv6_cidr_blocks": null,
            "prefix_list_ids": [],
            "protocol": "tcp",
            "security_group_id": "sg-026b4a74c8b59497b",
            "security_group_rule_id": "sgr-0dd9224423ac15596",
            "self": false,
            "source_security_group_id": "sg-0e2d2a447d1fac23c",
            "timeouts": null,
            "to_port": 4443,
            "type": "ingress"
          },
          "sensitive_attributes": [],
          "private": "eyJlMmJmYjczMC1lY2FhLTExZTYtOGY4OC0zNDM2M2JjN2M0YzAiOnsiY3JlYXRlIjozMDAwMDAwMDAwMDB9LCJzY2hlbWFfdmVyc2lvbiI6IjIifQ==",
          "dependencies": [
            "module.eks_cluster.module.eks.aws_security_group.cluster",
            "module.eks_cluster.module.eks.aws_security_group.node"
          ],
          "create_before_destroy": true
        },
        {
          "index_key": "ingress_cluster_6443_webhook",
          "schema_version": 2,
          "attributes": {
            "cidr_blocks": null,
            "description": "Cluster API to node 6443/tcp webhook",
            "from_port": 6443,
            "id": "sgrule-1120372157",
            "ipv6_cidr_blocks": null,
            "prefix_list_ids": [],
            "protocol": "tcp",
            "security_group_id": "sg-026b4a74c8b59497b",
            "security_group_rule_id": "sgr-0a35d7ae3561c9245",
            "self": false,
            "source_security_group_id": "sg-0e2d2a447d1fac23c",
            "timeouts": null,
            "to_port": 6443,
            "type": "ingress"
          },
          "sensitive_attributes": [],
          "private": "eyJlMmJmYjczMC1lY2FhLTExZTYtOGY4OC0zNDM2M2JjN2M0YzAiOnsiY3JlYXRlIjozMDAwMDAwMDAwMDB9LCJzY2hlbWFfdmVyc2lvbiI6IjIifQ==",
          "dependencies": [
            "module.eks_cluster.module.eks.aws_security_group.cluster",
            "module.eks_cluster.module.eks.aws_security_group.node"
          ],
          "create_before_destroy": true
        },
        {
          "index_key": "ingress_cluster_8443_webhook",
          "schema_version": 2,
          "attributes": {
            "cidr_blocks": null,
            "description": "Cluster API to node 8443/tcp webhook",
            "from_port": 8443,
            "id": "sgrule-1369160092",
            "ipv6_cidr_blocks": null,
            "prefix_list_ids": [],
            "protocol": "tcp",
            "security_group_id": "sg-026b4a74c8b59497b",
            "security_group_rule_id": "sgr-0c9f1410ef34cac6a",
            "self": false,
            "source_security_group_id": "sg-0e2d2a447d1fac23c",
            "timeouts": null,
            "to_port": 8443,
            "type": "ingress"
          },
          "sensitive_attributes": [],
          "private": "eyJlMmJmYjczMC1lY2FhLTExZTYtOGY4OC0zNDM2M2JjN2M0YzAiOnsiY3JlYXRlIjozMDAwMDAwMDAwMDB9LCJzY2hlbWFfdmVyc2lvbiI6IjIifQ==",
          "dependencies": [
            "module.eks_cluster.module.eks.aws_security_group.cluster",
            "module.eks_cluster.module.eks.aws_security_group.node"
          ],
          "create_before_destroy": true
        },
        {
          "index_key": "ingress_cluster_9443_webhook",
          "schema_version": 2,
          "attributes": {
            "cidr_blocks": null,
            "description": "Cluster API to node 9443/tcp webhook",
            "from_port": 9443,
            "id": "sgrule-893028951",
            "ipv6_cidr_blocks": null,
            "prefix_list_ids": [],
            "protocol": "tcp",
            "security_group_id": "sg-026b4a74c8b59497b",
            "security_group_rule_id": "sgr-0973ea65b9924c018",
            "self": false,
            "source_security_group_id": "sg-0e2d2a447d1fac23c",
            "timeouts": null,
            "to_port": 9443,
            "type": "ingress"
          },
          "sensitive_attributes": [],
          "private": "eyJlMmJmYjczMC1lY2FhLTExZTYtOGY4OC0zNDM2M2JjN2M0YzAiOnsiY3JlYXRlIjozMDAwMDAwMDAwMDB9LCJzY2hlbWFfdmVyc2lvbiI6IjIifQ==",
          "dependencies": [
            "module.eks_cluster.module.eks.aws_security_group.cluster",
            "module.eks_cluster.module.eks.aws_security_group.node"
          ],
          "create_before_destroy": true
        },
        {
          "index_key": "ingress_cluster_kubelet",
          "schema_version": 2,
          "attributes": {
            "cidr_blocks": null,
            "description": "Cluster API to node kubelets",
            "from_port": 10250,
            "id": "sgrule-1480751290",
            "ipv6_cidr_blocks": null,
            "prefix_list_ids": [],
            "protocol": "tcp",
            "security_group_id": "sg-026b4a74c8b59497b",
            "security_group_rule_id": "sgr-0f06abb83625d384c",
            "self": false,
            "source_security_group_id": "sg-0e2d2a447d1fac23c",
            "timeouts": null,
            "to_port": 10250,
            "type": "ingress"
          },
          "sensitive_attributes": [],
          "private": "eyJlMmJmYjczMC1lY2FhLTExZTYtOGY4OC0zNDM2M2JjN2M0YzAiOnsiY3JlYXRlIjozMDAwMDAwMDAwMDB9LCJzY2hlbWFfdmVyc2lvbiI6IjIifQ==",
          "dependencies": [
            "module.eks_cluster.module.eks.aws_security_group.cluster",
            "module.eks_cluster.module.eks.aws_security_group.node"
          ],
          "create_before_destroy": true
        },
        {
          "index_key": "ingress_nodes_ephemeral",
          "schema_version": 2,
          "attributes": {
            "cidr_blocks": null,
            "description": "Node to node ingress on ephemeral ports",
            "from_port": 1025,
            "id": "sgrule-1382699213",
            "ipv6_cidr_blocks": null,
            "prefix_list_ids": [],
            "protocol": "tcp",
            "security_group_id": "sg-026b4a74c8b59497b",
            "security_group_rule_id": "sgr-0a7828976edae5e08",
            "self": true,
            "source_security_group_id": null,
            "timeouts": null,
            "to_port": 65535,
            "type": "ingress"
          },
          "sensitive_attributes": [],
          "private": "eyJlMmJmYjczMC1lY2FhLTExZTYtOGY4OC0zNDM2M2JjN2M0YzAiOnsiY3JlYXRlIjozMDAwMDAwMDAwMDB9LCJzY2hlbWFfdmVyc2lvbiI6IjIifQ==",
          "dependencies": [
            "module.eks_cluster.module.eks.aws_security_group.cluster",
            "module.eks_cluster.module.eks.aws_security_group.node"
          ],
          "create_before_destroy": true
        },
        {
          "index_key": "ingress_self_coredns_tcp",
          "schema_version": 2,
          "attributes": {
            "cidr_blocks": null,
            "description": "Node to node CoreDNS",
            "from_port": 53,
            "id": "sgrule-2321173171",
            "ipv6_cidr_blocks": null,
            "prefix_list_ids": [],
            "protocol": "tcp",
            "security_group_id": "sg-026b4a74c8b59497b",
            "security_group_rule_id": "sgr-0f437d27d9c911c25",
            "self": true,
            "source_security_group_id": null,
            "timeouts": null,
            "to_port": 53,
            "type": "ingress"
          },
          "sensitive_attributes": [],
          "private": "eyJlMmJmYjczMC1lY2FhLTExZTYtOGY4OC0zNDM2M2JjN2M0YzAiOnsiY3JlYXRlIjozMDAwMDAwMDAwMDB9LCJzY2hlbWFfdmVyc2lvbiI6IjIifQ==",
          "dependencies": [
            "module.eks_cluster.module.eks.aws_security_group.cluster",
            "module.eks_cluster.module.eks.aws_security_group.node"
          ],
          "create_before_destroy": true
        },
        {
          "index_key": "ingress_self_coredns_udp",
          "schema_version": 2,
          "attributes": {
            "cidr_blocks": null,
            "description": "Node to node CoreDNS UDP",
            "from_port": 53,
            "id": "sgrule-772139356",
            "ipv6_cidr_blocks": null,
            "prefix_list_ids": [],
            "protocol": "udp",
            "security_group_id": "sg-026b4a74c8b59497b",
            "security_group_rule_id": "sgr-04efe88c4daec05ea",
            "self": true,
            "source_security_group_id": null,
            "timeouts": null,
            "to_port": 53,
            "type": "ingress"
          },
          "sensitive_attributes": [],
          "private": "eyJlMmJmYjczMC1lY2FhLTExZTYtOGY4OC0zNDM2M2JjN2M0YzAiOnsiY3JlYXRlIjozMDAwMDAwMDAwMDB9LCJzY2hlbWFfdmVyc2lvbiI6IjIifQ==",
          "dependencies": [
            "module.eks_cluster.module.eks.aws_security_group.cluster",
            "module.eks_cluster.module.eks.aws_security_group.node"
          ],
          "create_before_destroy": true
        }
      ]
    },
    {
      "module": "module.eks_cluster.module.eks",
      "mode": "managed",
      "type": "time_sleep",
      "name": "this",
      "provider": "provider[\"registry.terraform.io/hashicorp/time\"]",
      "instances": [
        {
          "index_key": 0,
          "schema_version": 0,
          "attributes": {
            "create_duration": "30s",
            "destroy_duration": null,
            "id": "2023-07-07T15:17:29Z",
            "triggers": {
              "cluster_certificate_authority_data": "LS0tLS1CRUdJTiBDRVJUSUZJQ0FURS0tLS0tCk1JSUMvakNDQWVhZ0F3SUJBZ0lCQURBTkJna3Foa2lHOXcwQkFRc0ZBREFWTVJNd0VRWURWUVFERXdwcmRXSmwKY201bGRHVnpNQjRYRFRJek1EY3dOekUxTVRNd05Wb1hEVE16TURjd05ERTFNVE13TlZvd0ZURVRNQkVHQTFVRQpBeE1LYTNWaVpYSnVaWFJsY3pDQ0FTSXdEUVlKS29aSWh2Y05BUUVCQlFBRGdnRVBBRENDQVFvQ2dnRUJBTEp1CmtsSjdzSDF5bVZHOHdxdFAxSnJBaWEzanJvb05tdEJOZzk1amhDMCsrdmVndjlxMjg3YzBCNXl2cnROUVFSSXgKeEVQeXVSZUhxNTVKTStFVzV0Ync0dUlWS3lJVTJXc1hSWVhibmthRFQ0ZVZDNmhWdkE3a1BFejVDUlRhSFFzaApKVzBWQXVWRFJOb0VJdWl6RzNYbnNmc29FUHhPT1hWWVh0cTNmZXpIdHdnaEpjVW01TzlqcnFOUitRR0ZjV0tlClpHa2tmWmM5aHNHNmUwdldlaGdOYXlZTTBSNGFtd2phUURxQm52QWhmU0E3VWo1UUwrNHR5eUp5Zjc5dUZITXQKT3cvNUx5RnRBYWd2NGxyTVg1OHkvZUVGOWROMTVKMk5BQWRjY05FemRsZ2ZOV0N0Y0l4UGFsdERkZUJ3V1BCSwpLdG5aNXhqaStjV01pcWdaWXMwQ0F3RUFBYU5aTUZjd0RnWURWUjBQQVFIL0JBUURBZ0trTUE4R0ExVWRFd0VCCi93UUZNQU1CQWY4d0hRWURWUjBPQkJZRUZCY0tSdW9kamlUNzVOUnVqN1oxMiszd25mV09NQlVHQTFVZEVRUU8KTUF5Q0NtdDFZbVZ5Ym1WMFpYTXdEUVlKS29aSWh2Y05BUUVMQlFBRGdnRUJBSnp4eWR1QUYvRjkva1A5aUlGbQpiS0JsdTh5Mm00VS9KOGFQL01EWFRhQlNzaHp5MjZWVDF0NmhwaGI2aHV4M213NGgwVFZqSjRsT1pYYitDQlNiCm4rcmwxMWlwOUJub012TmNLbWNUL3NxVHlDWktFcjNpeGthSXdSOHBLOTRNaWZCNDJUamNNekpTMGdCZXhLaTcKOXFpQlBEdHBCZnFkaTRYd2EzYXNxOEpLZnNXRjFwRlNLMlkrOEtnaGMzbkd6T1AyQnBvaHlBUXdIVWpaSTdDaApEQWJETmRhdlJWcHI4R3NvYkdoK25lYjNxNThlV3FEQ3N5VCtXalRtTkk0bEhtQmRLVDV3T010MVBZcS8veFU2Cm94eGZnSE95Z0NBZkw2S091UmtsNG94RFNKci8yb3p2blRLWkppRnNISWZ0UUJqNFNCVy9FNzhSbm9zR0d2RnUKZm5zPQotLS0tLUVORCBDRVJUSUZJQ0FURS0tLS0tCg==",
              "cluster_endpoint": "https://FE8214234B539E4DBE27930A9839B468.gr7.ap-south-1.eks.amazonaws.com",
              "cluster_name": "confluent-cluster",
              "cluster_version": "1.27"
            }
          },
          "sensitive_attributes": [],
          "dependencies": [
            "module.eks_cluster.data.aws_subnets.private_subnets",
            "module.eks_cluster.module.eks.aws_cloudwatch_log_group.this",
            "module.eks_cluster.module.eks.aws_eks_cluster.this",
            "module.eks_cluster.module.eks.aws_iam_policy.cni_ipv6_policy",
            "module.eks_cluster.module.eks.aws_iam_role.this",
            "module.eks_cluster.module.eks.aws_iam_role_policy_attachment.this",
            "module.eks_cluster.module.eks.aws_security_group.cluster",
            "module.eks_cluster.module.eks.aws_security_group.node",
            "module.eks_cluster.module.eks.aws_security_group_rule.cluster",
            "module.eks_cluster.module.eks.aws_security_group_rule.node",
            "module.eks_cluster.module.eks.data.aws_caller_identity.current",
            "module.eks_cluster.module.eks.data.aws_iam_policy_document.assume_role_policy",
            "module.eks_cluster.module.eks.data.aws_iam_policy_document.cni_ipv6_policy",
            "module.eks_cluster.module.eks.data.aws_iam_session_context.current",
            "module.eks_cluster.module.eks.data.aws_partition.current",
            "module.eks_cluster.module.eks.module.kms.aws_kms_external_key.this",
            "module.eks_cluster.module.eks.module.kms.aws_kms_key.this",
            "module.eks_cluster.module.eks.module.kms.data.aws_caller_identity.current",
            "module.eks_cluster.module.eks.module.kms.data.aws_iam_policy_document.this",
            "module.eks_cluster.module.eks.module.kms.data.aws_partition.current"
          ],
          "create_before_destroy": true
        }
      ]
    },
    {
      "module": "module.eks_cluster.module.eks.module.eks_managed_node_group[\"one\"]",
      "mode": "data",
      "type": "aws_caller_identity",
      "name": "current",
      "provider": "provider[\"registry.terraform.io/hashicorp/aws\"]",
      "instances": [
        {
          "schema_version": 0,
          "attributes": {
            "account_id": "998516096174",
            "arn": "arn:aws:iam::998516096174:user/svc-terraform",
            "id": "998516096174",
            "user_id": "AIDA6Q7BSPSXNVRO46LMO"
          },
          "sensitive_attributes": []
        }
      ]
    },
    {
      "module": "module.eks_cluster.module.eks.module.eks_managed_node_group[\"one\"]",
      "mode": "data",
      "type": "aws_iam_policy_document",
      "name": "assume_role_policy",
      "provider": "provider[\"registry.terraform.io/hashicorp/aws\"]",
      "instances": [
        {
          "index_key": 0,
          "schema_version": 0,
          "attributes": {
            "id": "2560088296",
            "json": "{\n  \"Version\": \"2012-10-17\",\n  \"Statement\": [\n    {\n      \"Sid\": \"EKSNodeAssumeRole\",\n      \"Effect\": \"Allow\",\n      \"Action\": \"sts:AssumeRole\",\n      \"Principal\": {\n        \"Service\": \"ec2.amazonaws.com\"\n      }\n    }\n  ]\n}",
            "override_policy_documents": null,
            "policy_id": null,
            "source_policy_documents": null,
            "statement": [
              {
                "actions": [
                  "sts:AssumeRole"
                ],
                "condition": [],
                "effect": "Allow",
                "not_actions": [],
                "not_principals": [],
                "not_resources": [],
                "principals": [
                  {
                    "identifiers": [
                      "ec2.amazonaws.com"
                    ],
                    "type": "Service"
                  }
                ],
                "resources": [],
                "sid": "EKSNodeAssumeRole"
              }
            ],
            "version": "2012-10-17"
          },
          "sensitive_attributes": []
        }
      ]
    },
    {
      "module": "module.eks_cluster.module.eks.module.eks_managed_node_group[\"one\"]",
      "mode": "data",
      "type": "aws_partition",
      "name": "current",
      "provider": "provider[\"registry.terraform.io/hashicorp/aws\"]",
      "instances": [
        {
          "schema_version": 0,
          "attributes": {
            "dns_suffix": "amazonaws.com",
            "id": "aws",
            "partition": "aws",
            "reverse_dns_prefix": "com.amazonaws"
          },
          "sensitive_attributes": []
        }
      ]
    },
    {
      "module": "module.eks_cluster.module.eks.module.eks_managed_node_group[\"one\"]",
      "mode": "managed",
      "type": "aws_eks_node_group",
      "name": "this",
      "provider": "provider[\"registry.terraform.io/hashicorp/aws\"]",
      "instances": [
        {
          "index_key": 0,
          "schema_version": 0,
          "attributes": {
            "ami_type": "AL2_x86_64",
            "arn": "arn:aws:eks:ap-south-1:998516096174:nodegroup/confluent-cluster/node-group-1-20230707151730255200000015/bac49876-fe89-0415-5201-c58351bb62bf",
            "capacity_type": "ON_DEMAND",
            "cluster_name": "confluent-cluster",
            "disk_size": 0,
            "force_update_version": null,
            "id": "confluent-cluster:node-group-1-20230707151730255200000015",
            "instance_types": [
              "t3.xlarge"
            ],
            "labels": {},
            "launch_template": [
              {
                "id": "lt-08c163b6a7f6f8a53",
                "name": "one-20230707151729813000000013",
                "version": "1"
              }
            ],
            "node_group_name": "node-group-1-20230707151730255200000015",
            "node_group_name_prefix": "node-group-1-",
            "node_role_arn": "arn:aws:iam::998516096174:role/node-group-1-eks-node-group-20230707150826764100000002",
            "release_version": "1.27.1-20230703",
            "remote_access": [],
            "resources": [
              {
                "autoscaling_groups": [
                  {
                    "name": "eks-node-group-1-20230707151730255200000015-bac49876-fe89-0415-5201-c58351bb62bf"
                  }
                ],
                "remote_access_security_group_id": ""
              }
            ],
            "scaling_config": [
              {
                "desired_size": 3,
                "max_size": 12,
                "min_size": 2
              }
            ],
            "status": "ACTIVE",
            "subnet_ids": [
              "subnet-03ce94c2a2af0a2aa",
              "subnet-072b3186da6c8e27d",
              "subnet-073a5d0b35e22e05d"
            ],
            "tags": {
              "Name": "node-group-1"
            },
            "tags_all": {
              "Name": "node-group-1"
            },
            "taint": [],
            "timeouts": {
              "create": null,
              "delete": null,
              "update": null
            },
            "update_config": [
              {
                "max_unavailable": 0,
                "max_unavailable_percentage": 33
              }
            ],
            "version": "1.27"
          },
          "sensitive_attributes": [],
          "private": "eyJlMmJmYjczMC1lY2FhLTExZTYtOGY4OC0zNDM2M2JjN2M0YzAiOnsiY3JlYXRlIjozNjAwMDAwMDAwMDAwLCJkZWxldGUiOjM2MDAwMDAwMDAwMDAsInVwZGF0ZSI6MzYwMDAwMDAwMDAwMH19",
          "dependencies": [
            "module.eks_cluster.data.aws_subnets.private_subnets",
            "module.eks_cluster.module.eks.aws_cloudwatch_log_group.this",
            "module.eks_cluster.module.eks.aws_eks_cluster.this",
            "module.eks_cluster.module.eks.aws_iam_policy.cni_ipv6_policy",
            "module.eks_cluster.module.eks.aws_iam_role.this",
            "module.eks_cluster.module.eks.aws_iam_role_policy_attachment.this",
            "module.eks_cluster.module.eks.aws_security_group.cluster",
            "module.eks_cluster.module.eks.aws_security_group.node",
            "module.eks_cluster.module.eks.aws_security_group_rule.cluster",
            "module.eks_cluster.module.eks.aws_security_group_rule.node",
            "module.eks_cluster.module.eks.data.aws_caller_identity.current",
            "module.eks_cluster.module.eks.data.aws_iam_policy_document.assume_role_policy",
            "module.eks_cluster.module.eks.data.aws_iam_policy_document.cni_ipv6_policy",
            "module.eks_cluster.module.eks.data.aws_iam_session_context.current",
            "module.eks_cluster.module.eks.data.aws_partition.current",
            "module.eks_cluster.module.eks.module.eks_managed_node_group.aws_iam_role.this",
            "module.eks_cluster.module.eks.module.eks_managed_node_group.aws_iam_role_policy_attachment.this",
            "module.eks_cluster.module.eks.module.eks_managed_node_group.aws_launch_template.this",
            "module.eks_cluster.module.eks.module.eks_managed_node_group.data.aws_caller_identity.current",
            "module.eks_cluster.module.eks.module.eks_managed_node_group.data.aws_iam_policy_document.assume_role_policy",
            "module.eks_cluster.module.eks.module.eks_managed_node_group.data.aws_partition.current",
            "module.eks_cluster.module.eks.module.eks_managed_node_group.module.user_data.data.cloudinit_config.linux_eks_managed_node_group",
            "module.eks_cluster.module.eks.module.kms.aws_kms_external_key.this",
            "module.eks_cluster.module.eks.module.kms.aws_kms_key.this",
            "module.eks_cluster.module.eks.module.kms.data.aws_caller_identity.current",
            "module.eks_cluster.module.eks.module.kms.data.aws_iam_policy_document.this",
            "module.eks_cluster.module.eks.module.kms.data.aws_partition.current",
            "module.eks_cluster.module.eks.time_sleep.this"
          ],
          "create_before_destroy": true
        }
      ]
    },
    {
      "module": "module.eks_cluster.module.eks.module.eks_managed_node_group[\"one\"]",
      "mode": "managed",
      "type": "aws_iam_role",
      "name": "this",
      "provider": "provider[\"registry.terraform.io/hashicorp/aws\"]",
      "instances": [
        {
          "index_key": 0,
          "schema_version": 0,
          "attributes": {
            "arn": "arn:aws:iam::998516096174:role/node-group-1-eks-node-group-20230707150826764100000002",
            "assume_role_policy": "{\"Statement\":[{\"Action\":\"sts:AssumeRole\",\"Effect\":\"Allow\",\"Principal\":{\"Service\":\"ec2.amazonaws.com\"},\"Sid\":\"EKSNodeAssumeRole\"}],\"Version\":\"2012-10-17\"}",
            "create_date": "2023-07-07T15:08:28Z",
            "description": "EKS managed node group IAM role",
            "force_detach_policies": true,
            "id": "node-group-1-eks-node-group-20230707150826764100000002",
            "inline_policy": [],
            "managed_policy_arns": [
              "arn:aws:iam::aws:policy/AmazonEC2ContainerRegistryReadOnly",
              "arn:aws:iam::aws:policy/AmazonEKSWorkerNodePolicy",
              "arn:aws:iam::aws:policy/AmazonEKS_CNI_Policy",
              "arn:aws:iam::aws:policy/service-role/AmazonEBSCSIDriverPolicy"
            ],
            "max_session_duration": 3600,
            "name": "node-group-1-eks-node-group-20230707150826764100000002",
            "name_prefix": "node-group-1-eks-node-group-",
            "path": "/",
            "permissions_boundary": null,
            "tags": {},
            "tags_all": {},
            "unique_id": "AROA6Q7BSPSXDBQXKQSMJ"
          },
          "sensitive_attributes": [],
          "private": "bnVsbA==",
          "dependencies": [
            "module.eks_cluster.module.eks.module.eks_managed_node_group.data.aws_iam_policy_document.assume_role_policy",
            "module.eks_cluster.module.eks.module.eks_managed_node_group.data.aws_partition.current"
          ],
          "create_before_destroy": true
        }
      ]
    },
    {
      "module": "module.eks_cluster.module.eks.module.eks_managed_node_group[\"one\"]",
      "mode": "managed",
      "type": "aws_iam_role_policy_attachment",
      "name": "additional",
      "provider": "provider[\"registry.terraform.io/hashicorp/aws\"]",
      "instances": [
        {
          "index_key": "ebs_csi_driver_policy",
          "schema_version": 0,
          "attributes": {
            "id": "node-group-1-eks-node-group-20230707150826764100000002-2023070715083035240000000a",
            "policy_arn": "arn:aws:iam::aws:policy/service-role/AmazonEBSCSIDriverPolicy",
            "role": "node-group-1-eks-node-group-20230707150826764100000002"
          },
          "sensitive_attributes": [],
          "private": "bnVsbA==",
          "dependencies": [
            "module.eks_cluster.module.eks.module.eks_managed_node_group.aws_iam_role.this",
            "module.eks_cluster.module.eks.module.eks_managed_node_group.data.aws_iam_policy_document.assume_role_policy",
            "module.eks_cluster.module.eks.module.eks_managed_node_group.data.aws_partition.current"
          ]
        }
      ]
    },
    {
      "module": "module.eks_cluster.module.eks.module.eks_managed_node_group[\"one\"]",
      "mode": "managed",
      "type": "aws_iam_role_policy_attachment",
      "name": "this",
      "provider": "provider[\"registry.terraform.io/hashicorp/aws\"]",
      "instances": [
        {
          "index_key": "arn:aws:iam::aws:policy/AmazonEC2ContainerRegistryReadOnly",
          "schema_version": 0,
          "attributes": {
            "id": "node-group-1-eks-node-group-20230707150826764100000002-20230707150830352300000009",
            "policy_arn": "arn:aws:iam::aws:policy/AmazonEC2ContainerRegistryReadOnly",
            "role": "node-group-1-eks-node-group-20230707150826764100000002"
          },
          "sensitive_attributes": [],
          "private": "bnVsbA==",
          "dependencies": [
            "module.eks_cluster.module.eks.module.eks_managed_node_group.aws_iam_role.this",
            "module.eks_cluster.module.eks.module.eks_managed_node_group.data.aws_caller_identity.current",
            "module.eks_cluster.module.eks.module.eks_managed_node_group.data.aws_iam_policy_document.assume_role_policy",
            "module.eks_cluster.module.eks.module.eks_managed_node_group.data.aws_partition.current"
          ],
          "create_before_destroy": true
        },
        {
          "index_key": "arn:aws:iam::aws:policy/AmazonEKSWorkerNodePolicy",
          "schema_version": 0,
          "attributes": {
            "id": "node-group-1-eks-node-group-20230707150826764100000002-20230707150830118900000008",
            "policy_arn": "arn:aws:iam::aws:policy/AmazonEKSWorkerNodePolicy",
            "role": "node-group-1-eks-node-group-20230707150826764100000002"
          },
          "sensitive_attributes": [],
          "private": "bnVsbA==",
          "dependencies": [
            "module.eks_cluster.module.eks.module.eks_managed_node_group.aws_iam_role.this",
            "module.eks_cluster.module.eks.module.eks_managed_node_group.data.aws_caller_identity.current",
            "module.eks_cluster.module.eks.module.eks_managed_node_group.data.aws_iam_policy_document.assume_role_policy",
            "module.eks_cluster.module.eks.module.eks_managed_node_group.data.aws_partition.current"
          ],
          "create_before_destroy": true
        },
        {
          "index_key": "arn:aws:iam::aws:policy/AmazonEKS_CNI_Policy",
          "schema_version": 0,
          "attributes": {
            "id": "node-group-1-eks-node-group-20230707150826764100000002-2023070715083070040000000b",
            "policy_arn": "arn:aws:iam::aws:policy/AmazonEKS_CNI_Policy",
            "role": "node-group-1-eks-node-group-20230707150826764100000002"
          },
          "sensitive_attributes": [],
          "private": "bnVsbA==",
          "dependencies": [
            "module.eks_cluster.module.eks.module.eks_managed_node_group.aws_iam_role.this",
            "module.eks_cluster.module.eks.module.eks_managed_node_group.data.aws_caller_identity.current",
            "module.eks_cluster.module.eks.module.eks_managed_node_group.data.aws_iam_policy_document.assume_role_policy",
            "module.eks_cluster.module.eks.module.eks_managed_node_group.data.aws_partition.current"
          ],
          "create_before_destroy": true
        }
      ]
    },
    {
      "module": "module.eks_cluster.module.eks.module.eks_managed_node_group[\"one\"]",
      "mode": "managed",
      "type": "aws_launch_template",
      "name": "this",
      "provider": "provider[\"registry.terraform.io/hashicorp/aws\"]",
      "instances": [
        {
          "index_key": 0,
          "schema_version": 0,
          "attributes": {
            "arn": "arn:aws:ec2:ap-south-1:998516096174:launch-template/lt-08c163b6a7f6f8a53",
            "block_device_mappings": [],
            "capacity_reservation_specification": [],
            "cpu_options": [],
            "credit_specification": [],
            "default_version": 1,
            "description": "Custom launch template for node-group-1 EKS managed node group",
            "disable_api_stop": false,
            "disable_api_termination": false,
            "ebs_optimized": "",
            "elastic_gpu_specifications": [],
            "elastic_inference_accelerator": [],
            "enclave_options": [],
            "hibernation_options": [],
            "iam_instance_profile": [],
            "id": "lt-08c163b6a7f6f8a53",
            "image_id": "",
            "instance_initiated_shutdown_behavior": "",
            "instance_market_options": [],
            "instance_requirements": [],
            "instance_type": "",
            "kernel_id": "",
            "key_name": "",
            "latest_version": 1,
            "license_specification": [],
            "maintenance_options": [],
            "metadata_options": [
              {
                "http_endpoint": "enabled",
                "http_protocol_ipv6": "",
                "http_put_response_hop_limit": 2,
                "http_tokens": "required",
                "instance_metadata_tags": ""
              }
            ],
            "monitoring": [
              {
                "enabled": true
              }
            ],
            "name": "one-20230707151729813000000013",
            "name_prefix": "one-",
            "network_interfaces": [],
            "placement": [],
            "private_dns_name_options": [],
            "ram_disk_id": "",
            "security_group_names": [],
            "tag_specifications": [
              {
                "resource_type": "instance",
                "tags": {
                  "Name": "node-group-1"
                }
              },
              {
                "resource_type": "network-interface",
                "tags": {
                  "Name": "node-group-1"
                }
              },
              {
                "resource_type": "volume",
                "tags": {
                  "Name": "node-group-1"
                }
              }
            ],
            "tags": {},
            "tags_all": {},
            "update_default_version": true,
            "user_data": "",
            "vpc_security_group_ids": [
              "sg-026b4a74c8b59497b"
            ]
          },
          "sensitive_attributes": [],
          "private": "bnVsbA==",
          "dependencies": [
            "module.eks_cluster.data.aws_subnets.private_subnets",
            "module.eks_cluster.module.eks.aws_cloudwatch_log_group.this",
            "module.eks_cluster.module.eks.aws_eks_cluster.this",
            "module.eks_cluster.module.eks.aws_iam_policy.cni_ipv6_policy",
            "module.eks_cluster.module.eks.aws_iam_role.this",
            "module.eks_cluster.module.eks.aws_iam_role_policy_attachment.this",
            "module.eks_cluster.module.eks.aws_security_group.cluster",
            "module.eks_cluster.module.eks.aws_security_group.node",
            "module.eks_cluster.module.eks.aws_security_group_rule.cluster",
            "module.eks_cluster.module.eks.aws_security_group_rule.node",
            "module.eks_cluster.module.eks.data.aws_caller_identity.current",
            "module.eks_cluster.module.eks.data.aws_iam_policy_document.assume_role_policy",
            "module.eks_cluster.module.eks.data.aws_iam_policy_document.cni_ipv6_policy",
            "module.eks_cluster.module.eks.data.aws_iam_session_context.current",
            "module.eks_cluster.module.eks.data.aws_partition.current",
            "module.eks_cluster.module.eks.module.eks_managed_node_group.aws_iam_role.this",
            "module.eks_cluster.module.eks.module.eks_managed_node_group.aws_iam_role_policy_attachment.this",
            "module.eks_cluster.module.eks.module.eks_managed_node_group.data.aws_caller_identity.current",
            "module.eks_cluster.module.eks.module.eks_managed_node_group.data.aws_iam_policy_document.assume_role_policy",
            "module.eks_cluster.module.eks.module.eks_managed_node_group.data.aws_partition.current",
            "module.eks_cluster.module.eks.module.eks_managed_node_group.module.user_data.data.cloudinit_config.linux_eks_managed_node_group",
            "module.eks_cluster.module.eks.module.kms.aws_kms_external_key.this",
            "module.eks_cluster.module.eks.module.kms.aws_kms_key.this",
            "module.eks_cluster.module.eks.module.kms.data.aws_caller_identity.current",
            "module.eks_cluster.module.eks.module.kms.data.aws_iam_policy_document.this",
            "module.eks_cluster.module.eks.module.kms.data.aws_partition.current",
            "module.eks_cluster.module.eks.time_sleep.this"
          ],
          "create_before_destroy": true
        }
      ]
    },
    {
      "module": "module.eks_cluster.module.eks.module.kms",
      "mode": "data",
      "type": "aws_caller_identity",
      "name": "current",
      "provider": "provider[\"registry.terraform.io/hashicorp/aws\"]",
      "instances": [
        {
          "schema_version": 0,
          "attributes": {
            "account_id": "998516096174",
            "arn": "arn:aws:iam::998516096174:user/svc-terraform",
            "id": "998516096174",
            "user_id": "AIDA6Q7BSPSXNVRO46LMO"
          },
          "sensitive_attributes": []
        }
      ]
    },
    {
      "module": "module.eks_cluster.module.eks.module.kms",
      "mode": "data",
      "type": "aws_iam_policy_document",
      "name": "this",
      "provider": "provider[\"registry.terraform.io/hashicorp/aws\"]",
      "instances": [
        {
          "index_key": 0,
          "schema_version": 0,
          "attributes": {
            "id": "3324653483",
            "json": "{\n  \"Version\": \"2012-10-17\",\n  \"Statement\": [\n    {\n      \"Sid\": \"KeyAdministration\",\n      \"Effect\": \"Allow\",\n      \"Action\": [\n        \"kms:Update*\",\n        \"kms:UntagResource\",\n        \"kms:TagResource\",\n        \"kms:ScheduleKeyDeletion\",\n        \"kms:Revoke*\",\n        \"kms:Put*\",\n        \"kms:List*\",\n        \"kms:Get*\",\n        \"kms:Enable*\",\n        \"kms:Disable*\",\n        \"kms:Describe*\",\n        \"kms:Delete*\",\n        \"kms:Create*\",\n        \"kms:CancelKeyDeletion\"\n      ],\n      \"Resource\": \"*\",\n      \"Principal\": {\n        \"AWS\": \"arn:aws:iam::998516096174:user/svc-terraform\"\n      }\n    },\n    {\n      \"Sid\": \"KeyUsage\",\n      \"Effect\": \"Allow\",\n      \"Action\": [\n        \"kms:ReEncrypt*\",\n        \"kms:GenerateDataKey*\",\n        \"kms:Encrypt\",\n        \"kms:DescribeKey\",\n        \"kms:Decrypt\"\n      ],\n      \"Resource\": \"*\",\n      \"Principal\": {\n        \"AWS\": \"arn:aws:iam::998516096174:role/confluent-cluster-cluster-20230707150826764800000004\"\n      }\n    }\n  ]\n}",
            "override_policy_documents": null,
            "policy_id": null,
            "source_policy_documents": null,
            "statement": [
              {
                "actions": [
                  "kms:CancelKeyDeletion",
                  "kms:Create*",
                  "kms:Delete*",
                  "kms:Describe*",
                  "kms:Disable*",
                  "kms:Enable*",
                  "kms:Get*",
                  "kms:List*",
                  "kms:Put*",
                  "kms:Revoke*",
                  "kms:ScheduleKeyDeletion",
                  "kms:TagResource",
                  "kms:UntagResource",
                  "kms:Update*"
                ],
                "condition": [],
                "effect": "Allow",
                "not_actions": [],
                "not_principals": [],
                "not_resources": [],
                "principals": [
                  {
                    "identifiers": [
                      "arn:aws:iam::998516096174:user/svc-terraform"
                    ],
                    "type": "AWS"
                  }
                ],
                "resources": [
                  "*"
                ],
                "sid": "KeyAdministration"
              },
              {
                "actions": [
                  "kms:Decrypt",
                  "kms:DescribeKey",
                  "kms:Encrypt",
                  "kms:GenerateDataKey*",
                  "kms:ReEncrypt*"
                ],
                "condition": [],
                "effect": "Allow",
                "not_actions": [],
                "not_principals": [],
                "not_resources": [],
                "principals": [
                  {
                    "identifiers": [
                      "arn:aws:iam::998516096174:role/confluent-cluster-cluster-20230707150826764800000004"
                    ],
                    "type": "AWS"
                  }
                ],
                "resources": [
                  "*"
                ],
                "sid": "KeyUsage"
              }
            ],
            "version": "2012-10-17"
          },
          "sensitive_attributes": []
        }
      ]
    },
    {
      "module": "module.eks_cluster.module.eks.module.kms",
      "mode": "data",
      "type": "aws_partition",
      "name": "current",
      "provider": "provider[\"registry.terraform.io/hashicorp/aws\"]",
      "instances": [
        {
          "schema_version": 0,
          "attributes": {
            "dns_suffix": "amazonaws.com",
            "id": "aws",
            "partition": "aws",
            "reverse_dns_prefix": "com.amazonaws"
          },
          "sensitive_attributes": []
        }
      ]
    },
    {
      "module": "module.eks_cluster.module.eks.module.kms",
      "mode": "managed",
      "type": "aws_kms_alias",
      "name": "this",
      "provider": "provider[\"registry.terraform.io/hashicorp/aws\"]",
      "instances": [
        {
          "index_key": "cluster",
          "schema_version": 0,
          "attributes": {
            "arn": "arn:aws:kms:ap-south-1:998516096174:alias/eks/confluent-cluster",
            "id": "alias/eks/confluent-cluster",
            "name": "alias/eks/confluent-cluster",
            "name_prefix": "",
            "target_key_arn": "arn:aws:kms:ap-south-1:998516096174:key/151d1882-19f5-436d-8149-76dc904ff87d",
            "target_key_id": "151d1882-19f5-436d-8149-76dc904ff87d"
          },
          "sensitive_attributes": [],
          "private": "bnVsbA==",
          "dependencies": [
            "module.eks_cluster.module.eks.aws_iam_role.this",
            "module.eks_cluster.module.eks.data.aws_caller_identity.current",
            "module.eks_cluster.module.eks.data.aws_iam_policy_document.assume_role_policy",
            "module.eks_cluster.module.eks.data.aws_iam_session_context.current",
            "module.eks_cluster.module.eks.data.aws_partition.current",
            "module.eks_cluster.module.eks.module.kms.aws_kms_external_key.this",
            "module.eks_cluster.module.eks.module.kms.aws_kms_key.this",
            "module.eks_cluster.module.eks.module.kms.data.aws_caller_identity.current",
            "module.eks_cluster.module.eks.module.kms.data.aws_iam_policy_document.this",
            "module.eks_cluster.module.eks.module.kms.data.aws_partition.current"
          ]
        }
      ]
    },
    {
      "module": "module.eks_cluster.module.eks.module.kms",
      "mode": "managed",
      "type": "aws_kms_key",
      "name": "this",
      "provider": "provider[\"registry.terraform.io/hashicorp/aws\"]",
      "instances": [
        {
          "index_key": 0,
          "schema_version": 0,
          "attributes": {
            "arn": "arn:aws:kms:ap-south-1:998516096174:key/151d1882-19f5-436d-8149-76dc904ff87d",
            "bypass_policy_lockout_safety_check": false,
            "custom_key_store_id": "",
            "customer_master_key_spec": "SYMMETRIC_DEFAULT",
            "deletion_window_in_days": null,
            "description": "confluent-cluster cluster encryption key",
            "enable_key_rotation": true,
            "id": "151d1882-19f5-436d-8149-76dc904ff87d",
            "is_enabled": true,
            "key_id": "151d1882-19f5-436d-8149-76dc904ff87d",
            "key_usage": "ENCRYPT_DECRYPT",
            "multi_region": false,
            "policy": "{\"Statement\":[{\"Action\":[\"kms:Update*\",\"kms:UntagResource\",\"kms:TagResource\",\"kms:ScheduleKeyDeletion\",\"kms:Revoke*\",\"kms:Put*\",\"kms:List*\",\"kms:Get*\",\"kms:Enable*\",\"kms:Disable*\",\"kms:Describe*\",\"kms:Delete*\",\"kms:Create*\",\"kms:CancelKeyDeletion\"],\"Effect\":\"Allow\",\"Principal\":{\"AWS\":\"arn:aws:iam::998516096174:user/svc-terraform\"},\"Resource\":\"*\",\"Sid\":\"KeyAdministration\"},{\"Action\":[\"kms:ReEncrypt*\",\"kms:GenerateDataKey*\",\"kms:Encrypt\",\"kms:DescribeKey\",\"kms:Decrypt\"],\"Effect\":\"Allow\",\"Principal\":{\"AWS\":\"arn:aws:iam::998516096174:role/confluent-cluster-cluster-20230707150826764800000004\"},\"Resource\":\"*\",\"Sid\":\"KeyUsage\"}],\"Version\":\"2012-10-17\"}",
            "tags": {},
            "tags_all": {}
          },
          "sensitive_attributes": [],
          "private": "bnVsbA==",
          "dependencies": [
            "module.eks_cluster.module.eks.aws_iam_role.this",
            "module.eks_cluster.module.eks.data.aws_caller_identity.current",
            "module.eks_cluster.module.eks.data.aws_iam_policy_document.assume_role_policy",
            "module.eks_cluster.module.eks.data.aws_iam_session_context.current",
            "module.eks_cluster.module.eks.data.aws_partition.current",
            "module.eks_cluster.module.eks.module.kms.data.aws_caller_identity.current",
            "module.eks_cluster.module.eks.module.kms.data.aws_iam_policy_document.this",
            "module.eks_cluster.module.eks.module.kms.data.aws_partition.current"
          ],
          "create_before_destroy": true
        }
      ]
    }
  ],
  "check_results": null
}
